<?xml version="1.0" encoding="utf-8"?>
<Project ToolsVersion="4.0" xmlns="http://schemas.microsoft.com/developer/msbuild/2003">
  <ItemGroup>
    <Filter Include="源文件">
      <UniqueIdentifier>{4FC737F1-C7A5-4376-A066-2A32D752A2FF}</UniqueIdentifier>
      <Extensions>cpp;c;cc;cxx;c++;cppm;ixx;def;odl;idl;hpj;bat;asm;asmx</Extensions>
    </Filter>
    <Filter Include="头文件">
      <UniqueIdentifier>{93995380-89BD-4b04-88EB-625FBE52EBFB}</UniqueIdentifier>
      <Extensions>h;hh;hpp;hxx;h++;hm;inl;inc;ipp;xsd</Extensions>
    </Filter>
    <Filter Include="资源文件">
      <UniqueIdentifier>{67DA6AB6-F800-4c08-8B7A-83BB121AAD01}</UniqueIdentifier>
      <Extensions>rc;ico;cur;bmp;dlg;rc2;rct;bin;rgs;gif;jpg;jpeg;jpe;resx;tiff;tif;png;wav;mfcribbon-ms</Extensions>
    </Filter>
  </ItemGroup>
  <ItemGroup>
    <ClInclude Include="enumreflecttest\scienum.h">
      <Filter>头文件</Filter>
    </ClInclude>
    <ClInclude Include="babyjson-demo-master\print.h">
      <Filter>头文件</Filter>
    </ClInclude>
    <ClInclude Include="macrofunctest\print.h">
      <Filter>头文件</Filter>
    </ClInclude>
    <ClInclude Include="macrofunctest\GLFW\glfw3.h">
      <Filter>头文件</Filter>
    </ClInclude>
    <ClInclude Include="macrofunctest\GLFW\glfw3native.h">
      <Filter>头文件</Filter>
    </ClInclude>
    <ClInclude Include="macrofunctest\src\cocoa_joystick.h">
      <Filter>头文件</Filter>
    </ClInclude>
    <ClInclude Include="macrofunctest\src\cocoa_platform.h">
      <Filter>头文件</Filter>
    </ClInclude>
    <ClInclude Include="macrofunctest\src\cocoa_time.h">
      <Filter>头文件</Filter>
    </ClInclude>
    <ClInclude Include="macrofunctest\src\internal.h">
      <Filter>头文件</Filter>
    </ClInclude>
    <ClInclude Include="macrofunctest\src\linux_joystick.h">
      <Filter>头文件</Filter>
    </ClInclude>
    <ClInclude Include="macrofunctest\src\mappings.h">
      <Filter>头文件</Filter>
    </ClInclude>
    <ClInclude Include="macrofunctest\src\null_joystick.h">
      <Filter>头文件</Filter>
    </ClInclude>
    <ClInclude Include="macrofunctest\src\null_platform.h">
      <Filter>头文件</Filter>
    </ClInclude>
    <ClInclude Include="macrofunctest\src\platform.h">
      <Filter>头文件</Filter>
    </ClInclude>
    <ClInclude Include="macrofunctest\src\posix_poll.h">
      <Filter>头文件</Filter>
    </ClInclude>
    <ClInclude Include="macrofunctest\src\posix_thread.h">
      <Filter>头文件</Filter>
    </ClInclude>
    <ClInclude Include="macrofunctest\src\posix_time.h">
      <Filter>头文件</Filter>
    </ClInclude>
    <ClInclude Include="macrofunctest\src\win32_joystick.h">
      <Filter>头文件</Filter>
    </ClInclude>
    <ClInclude Include="macrofunctest\src\win32_platform.h">
      <Filter>头文件</Filter>
    </ClInclude>
    <ClInclude Include="macrofunctest\src\win32_thread.h">
      <Filter>头文件</Filter>
    </ClInclude>
    <ClInclude Include="macrofunctest\src\win32_time.h">
      <Filter>头文件</Filter>
    </ClInclude>
    <ClInclude Include="macrofunctest\src\wl_platform.h">
      <Filter>头文件</Filter>
    </ClInclude>
    <ClInclude Include="macrofunctest\src\x11_platform.h">
      <Filter>头文件</Filter>
    </ClInclude>
    <ClInclude Include="macrofunctest\src\xkb_unicode.h">
      <Filter>头文件</Filter>
    </ClInclude>
    <ClInclude Include="vartmplandfold-example-main\print.h">
      <Filter>头文件</Filter>
    </ClInclude>
    <ClInclude Include="sfinae-example-master\print.h">
      <Filter>头文件</Filter>
    </ClInclude>
    <ClInclude Include="minilog-master\minilog.h">
      <Filter>头文件</Filter>
    </ClInclude>
    <ClInclude Include="cpp17pmrtest\memory_resource_inspector.h">
      <Filter>头文件</Filter>
    </ClInclude>
    <ClInclude Include="cpp17pmrtest\print.h">
      <Filter>头文件</Filter>
    </ClInclude>
    <ClInclude Include="cpp17pmrtest\ticktock.h">
      <Filter>头文件</Filter>
    </ClInclude>
    <ClInclude Include="cpp17pmrtest\wangshash.h">
      <Filter>头文件</Filter>
    </ClInclude>
    <ClInclude Include="reference\cppdemangle.h">
      <Filter>头文件</Filter>
    </ClInclude>
    <ClInclude Include="reference\print.h">
      <Filter>头文件</Filter>
    </ClInclude>
    <ClInclude Include="ScopeProfiler\print.h">
      <Filter>头文件</Filter>
    </ClInclude>
    <ClInclude Include="ScopeProfiler\ScopeProfiler.h">
      <Filter>头文件</Filter>
    </ClInclude>
    <ClInclude Include="function\Function.hpp">
      <Filter>头文件</Filter>
    </ClInclude>
    <ClInclude Include="function\print.h">
      <Filter>头文件</Filter>
    </ClInclude>
    <ClInclude Include="uniqueptr\UniquePtr.hpp">
      <Filter>头文件</Filter>
    </ClInclude>
    <ClInclude Include="array\Array.hpp">
      <Filter>头文件</Filter>
    </ClInclude>
    <ClInclude Include="list\List.hpp">
      <Filter>头文件</Filter>
    </ClInclude>
    <ClInclude Include="cpplifetimetest\cppdemangle.h">
      <Filter>头文件</Filter>
    </ClInclude>
    <ClInclude Include="inline\foo.h">
      <Filter>头文件</Filter>
    </ClInclude>
    <ClInclude Include="cpptemplateinstantiate\other.h">
      <Filter>头文件</Filter>
    </ClInclude>
    <ClInclude Include="cpptemplateinstantiate\printer.h">
      <Filter>头文件</Filter>
    </ClInclude>
    <ClInclude Include="hexdump\include\concepts\compare.hpp">
      <Filter>头文件</Filter>
    </ClInclude>
    <ClInclude Include="hexdump\include\concepts\concepts.hpp">
      <Filter>头文件</Filter>
    </ClInclude>
    <ClInclude Include="hexdump\include\concepts\swap.hpp">
      <Filter>头文件</Filter>
    </ClInclude>
    <ClInclude Include="hexdump\include\concepts\type_traits.hpp">
      <Filter>头文件</Filter>
    </ClInclude>
    <ClInclude Include="hexdump\include\meta\meta.hpp">
      <Filter>头文件</Filter>
    </ClInclude>
    <ClInclude Include="hexdump\include\meta\meta_fwd.hpp">
      <Filter>头文件</Filter>
    </ClInclude>
    <ClInclude Include="hexdump\include\range\v3\action\action.hpp">
      <Filter>头文件</Filter>
    </ClInclude>
    <ClInclude Include="hexdump\include\range\v3\action\adjacent_remove_if.hpp">
      <Filter>头文件</Filter>
    </ClInclude>
    <ClInclude Include="hexdump\include\range\v3\action\concepts.hpp">
      <Filter>头文件</Filter>
    </ClInclude>
    <ClInclude Include="hexdump\include\range\v3\action\drop.hpp">
      <Filter>头文件</Filter>
    </ClInclude>
    <ClInclude Include="hexdump\include\range\v3\action\drop_while.hpp">
      <Filter>头文件</Filter>
    </ClInclude>
    <ClInclude Include="hexdump\include\range\v3\action\erase.hpp">
      <Filter>头文件</Filter>
    </ClInclude>
    <ClInclude Include="hexdump\include\range\v3\action\insert.hpp">
      <Filter>头文件</Filter>
    </ClInclude>
    <ClInclude Include="hexdump\include\range\v3\action\join.hpp">
      <Filter>头文件</Filter>
    </ClInclude>
    <ClInclude Include="hexdump\include\range\v3\action\push_back.hpp">
      <Filter>头文件</Filter>
    </ClInclude>
    <ClInclude Include="hexdump\include\range\v3\action\push_front.hpp">
      <Filter>头文件</Filter>
    </ClInclude>
    <ClInclude Include="hexdump\include\range\v3\action\remove.hpp">
      <Filter>头文件</Filter>
    </ClInclude>
    <ClInclude Include="hexdump\include\range\v3\action\remove_if.hpp">
      <Filter>头文件</Filter>
    </ClInclude>
    <ClInclude Include="hexdump\include\range\v3\action\reverse.hpp">
      <Filter>头文件</Filter>
    </ClInclude>
    <ClInclude Include="hexdump\include\range\v3\action\shuffle.hpp">
      <Filter>头文件</Filter>
    </ClInclude>
    <ClInclude Include="hexdump\include\range\v3\action\slice.hpp">
      <Filter>头文件</Filter>
    </ClInclude>
    <ClInclude Include="hexdump\include\range\v3\action\sort.hpp">
      <Filter>头文件</Filter>
    </ClInclude>
    <ClInclude Include="hexdump\include\range\v3\action\split.hpp">
      <Filter>头文件</Filter>
    </ClInclude>
    <ClInclude Include="hexdump\include\range\v3\action\split_when.hpp">
      <Filter>头文件</Filter>
    </ClInclude>
    <ClInclude Include="hexdump\include\range\v3\action\stable_sort.hpp">
      <Filter>头文件</Filter>
    </ClInclude>
    <ClInclude Include="hexdump\include\range\v3\action\stride.hpp">
      <Filter>头文件</Filter>
    </ClInclude>
    <ClInclude Include="hexdump\include\range\v3\action\take.hpp">
      <Filter>头文件</Filter>
    </ClInclude>
    <ClInclude Include="hexdump\include\range\v3\action\take_while.hpp">
      <Filter>头文件</Filter>
    </ClInclude>
    <ClInclude Include="hexdump\include\range\v3\action\transform.hpp">
      <Filter>头文件</Filter>
    </ClInclude>
    <ClInclude Include="hexdump\include\range\v3\action\unique.hpp">
      <Filter>头文件</Filter>
    </ClInclude>
    <ClInclude Include="hexdump\include\range\v3\action\unstable_remove_if.hpp">
      <Filter>头文件</Filter>
    </ClInclude>
    <ClInclude Include="hexdump\include\range\v3\algorithm\aux_\equal_range_n.hpp">
      <Filter>头文件</Filter>
    </ClInclude>
    <ClInclude Include="hexdump\include\range\v3\algorithm\aux_\lower_bound_n.hpp">
      <Filter>头文件</Filter>
    </ClInclude>
    <ClInclude Include="hexdump\include\range\v3\algorithm\aux_\merge_n.hpp">
      <Filter>头文件</Filter>
    </ClInclude>
    <ClInclude Include="hexdump\include\range\v3\algorithm\aux_\merge_n_with_buffer.hpp">
      <Filter>头文件</Filter>
    </ClInclude>
    <ClInclude Include="hexdump\include\range\v3\algorithm\aux_\partition_point_n.hpp">
      <Filter>头文件</Filter>
    </ClInclude>
    <ClInclude Include="hexdump\include\range\v3\algorithm\aux_\sort_n_with_buffer.hpp">
      <Filter>头文件</Filter>
    </ClInclude>
    <ClInclude Include="hexdump\include\range\v3\algorithm\aux_\upper_bound_n.hpp">
      <Filter>头文件</Filter>
    </ClInclude>
    <ClInclude Include="hexdump\include\range\v3\algorithm\adjacent_find.hpp">
      <Filter>头文件</Filter>
    </ClInclude>
    <ClInclude Include="hexdump\include\range\v3\algorithm\adjacent_remove_if.hpp">
      <Filter>头文件</Filter>
    </ClInclude>
    <ClInclude Include="hexdump\include\range\v3\algorithm\all_of.hpp">
      <Filter>头文件</Filter>
    </ClInclude>
    <ClInclude Include="hexdump\include\range\v3\algorithm\any_of.hpp">
      <Filter>头文件</Filter>
    </ClInclude>
    <ClInclude Include="hexdump\include\range\v3\algorithm\binary_search.hpp">
      <Filter>头文件</Filter>
    </ClInclude>
    <ClInclude Include="hexdump\include\range\v3\algorithm\contains.hpp">
      <Filter>头文件</Filter>
    </ClInclude>
    <ClInclude Include="hexdump\include\range\v3\algorithm\contains_subrange.hpp">
      <Filter>头文件</Filter>
    </ClInclude>
    <ClInclude Include="hexdump\include\range\v3\algorithm\copy.hpp">
      <Filter>头文件</Filter>
    </ClInclude>
    <ClInclude Include="hexdump\include\range\v3\algorithm\copy_backward.hpp">
      <Filter>头文件</Filter>
    </ClInclude>
    <ClInclude Include="hexdump\include\range\v3\algorithm\copy_if.hpp">
      <Filter>头文件</Filter>
    </ClInclude>
    <ClInclude Include="hexdump\include\range\v3\algorithm\copy_n.hpp">
      <Filter>头文件</Filter>
    </ClInclude>
    <ClInclude Include="hexdump\include\range\v3\algorithm\count.hpp">
      <Filter>头文件</Filter>
    </ClInclude>
    <ClInclude Include="hexdump\include\range\v3\algorithm\count_if.hpp">
      <Filter>头文件</Filter>
    </ClInclude>
    <ClInclude Include="hexdump\include\range\v3\algorithm\ends_with.hpp">
      <Filter>头文件</Filter>
    </ClInclude>
    <ClInclude Include="hexdump\include\range\v3\algorithm\equal.hpp">
      <Filter>头文件</Filter>
    </ClInclude>
    <ClInclude Include="hexdump\include\range\v3\algorithm\equal_range.hpp">
      <Filter>头文件</Filter>
    </ClInclude>
    <ClInclude Include="hexdump\include\range\v3\algorithm\fill.hpp">
      <Filter>头文件</Filter>
    </ClInclude>
    <ClInclude Include="hexdump\include\range\v3\algorithm\fill_n.hpp">
      <Filter>头文件</Filter>
    </ClInclude>
    <ClInclude Include="hexdump\include\range\v3\algorithm\find.hpp">
      <Filter>头文件</Filter>
    </ClInclude>
    <ClInclude Include="hexdump\include\range\v3\algorithm\find_end.hpp">
      <Filter>头文件</Filter>
    </ClInclude>
    <ClInclude Include="hexdump\include\range\v3\algorithm\find_first_of.hpp">
      <Filter>头文件</Filter>
    </ClInclude>
    <ClInclude Include="hexdump\include\range\v3\algorithm\find_if.hpp">
      <Filter>头文件</Filter>
    </ClInclude>
    <ClInclude Include="hexdump\include\range\v3\algorithm\find_if_not.hpp">
      <Filter>头文件</Filter>
    </ClInclude>
    <ClInclude Include="hexdump\include\range\v3\algorithm\fold.hpp">
      <Filter>头文件</Filter>
    </ClInclude>
    <ClInclude Include="hexdump\include\range\v3\algorithm\fold_left.hpp">
      <Filter>头文件</Filter>
    </ClInclude>
    <ClInclude Include="hexdump\include\range\v3\algorithm\fold_right.hpp">
      <Filter>头文件</Filter>
    </ClInclude>
    <ClInclude Include="hexdump\include\range\v3\algorithm\for_each.hpp">
      <Filter>头文件</Filter>
    </ClInclude>
    <ClInclude Include="hexdump\include\range\v3\algorithm\for_each_n.hpp">
      <Filter>头文件</Filter>
    </ClInclude>
    <ClInclude Include="hexdump\include\range\v3\algorithm\generate.hpp">
      <Filter>头文件</Filter>
    </ClInclude>
    <ClInclude Include="hexdump\include\range\v3\algorithm\generate_n.hpp">
      <Filter>头文件</Filter>
    </ClInclude>
    <ClInclude Include="hexdump\include\range\v3\algorithm\heap_algorithm.hpp">
      <Filter>头文件</Filter>
    </ClInclude>
    <ClInclude Include="hexdump\include\range\v3\algorithm\inplace_merge.hpp">
      <Filter>头文件</Filter>
    </ClInclude>
    <ClInclude Include="hexdump\include\range\v3\algorithm\is_partitioned.hpp">
      <Filter>头文件</Filter>
    </ClInclude>
    <ClInclude Include="hexdump\include\range\v3\algorithm\is_sorted.hpp">
      <Filter>头文件</Filter>
    </ClInclude>
    <ClInclude Include="hexdump\include\range\v3\algorithm\is_sorted_until.hpp">
      <Filter>头文件</Filter>
    </ClInclude>
    <ClInclude Include="hexdump\include\range\v3\algorithm\lexicographical_compare.hpp">
      <Filter>头文件</Filter>
    </ClInclude>
    <ClInclude Include="hexdump\include\range\v3\algorithm\lower_bound.hpp">
      <Filter>头文件</Filter>
    </ClInclude>
    <ClInclude Include="hexdump\include\range\v3\algorithm\max.hpp">
      <Filter>头文件</Filter>
    </ClInclude>
    <ClInclude Include="hexdump\include\range\v3\algorithm\max_element.hpp">
      <Filter>头文件</Filter>
    </ClInclude>
    <ClInclude Include="hexdump\include\range\v3\algorithm\merge.hpp">
      <Filter>头文件</Filter>
    </ClInclude>
    <ClInclude Include="hexdump\include\range\v3\algorithm\min.hpp">
      <Filter>头文件</Filter>
    </ClInclude>
    <ClInclude Include="hexdump\include\range\v3\algorithm\min_element.hpp">
      <Filter>头文件</Filter>
    </ClInclude>
    <ClInclude Include="hexdump\include\range\v3\algorithm\minmax.hpp">
      <Filter>头文件</Filter>
    </ClInclude>
    <ClInclude Include="hexdump\include\range\v3\algorithm\minmax_element.hpp">
      <Filter>头文件</Filter>
    </ClInclude>
    <ClInclude Include="hexdump\include\range\v3\algorithm\mismatch.hpp">
      <Filter>头文件</Filter>
    </ClInclude>
    <ClInclude Include="hexdump\include\range\v3\algorithm\move.hpp">
      <Filter>头文件</Filter>
    </ClInclude>
    <ClInclude Include="hexdump\include\range\v3\algorithm\move_backward.hpp">
      <Filter>头文件</Filter>
    </ClInclude>
    <ClInclude Include="hexdump\include\range\v3\algorithm\none_of.hpp">
      <Filter>头文件</Filter>
    </ClInclude>
    <ClInclude Include="hexdump\include\range\v3\algorithm\nth_element.hpp">
      <Filter>头文件</Filter>
    </ClInclude>
    <ClInclude Include="hexdump\include\range\v3\algorithm\partial_sort.hpp">
      <Filter>头文件</Filter>
    </ClInclude>
    <ClInclude Include="hexdump\include\range\v3\algorithm\partial_sort_copy.hpp">
      <Filter>头文件</Filter>
    </ClInclude>
    <ClInclude Include="hexdump\include\range\v3\algorithm\partition.hpp">
      <Filter>头文件</Filter>
    </ClInclude>
    <ClInclude Include="hexdump\include\range\v3\algorithm\partition_copy.hpp">
      <Filter>头文件</Filter>
    </ClInclude>
    <ClInclude Include="hexdump\include\range\v3\algorithm\partition_point.hpp">
      <Filter>头文件</Filter>
    </ClInclude>
    <ClInclude Include="hexdump\include\range\v3\algorithm\permutation.hpp">
      <Filter>头文件</Filter>
    </ClInclude>
    <ClInclude Include="hexdump\include\range\v3\algorithm\remove.hpp">
      <Filter>头文件</Filter>
    </ClInclude>
    <ClInclude Include="hexdump\include\range\v3\algorithm\remove_copy.hpp">
      <Filter>头文件</Filter>
    </ClInclude>
    <ClInclude Include="hexdump\include\range\v3\algorithm\remove_copy_if.hpp">
      <Filter>头文件</Filter>
    </ClInclude>
    <ClInclude Include="hexdump\include\range\v3\algorithm\remove_if.hpp">
      <Filter>头文件</Filter>
    </ClInclude>
    <ClInclude Include="hexdump\include\range\v3\algorithm\replace.hpp">
      <Filter>头文件</Filter>
    </ClInclude>
    <ClInclude Include="hexdump\include\range\v3\algorithm\replace_copy.hpp">
      <Filter>头文件</Filter>
    </ClInclude>
    <ClInclude Include="hexdump\include\range\v3\algorithm\replace_copy_if.hpp">
      <Filter>头文件</Filter>
    </ClInclude>
    <ClInclude Include="hexdump\include\range\v3\algorithm\replace_if.hpp">
      <Filter>头文件</Filter>
    </ClInclude>
    <ClInclude Include="hexdump\include\range\v3\algorithm\result_types.hpp">
      <Filter>头文件</Filter>
    </ClInclude>
    <ClInclude Include="hexdump\include\range\v3\algorithm\reverse.hpp">
      <Filter>头文件</Filter>
    </ClInclude>
    <ClInclude Include="hexdump\include\range\v3\algorithm\reverse_copy.hpp">
      <Filter>头文件</Filter>
    </ClInclude>
    <ClInclude Include="hexdump\include\range\v3\algorithm\rotate.hpp">
      <Filter>头文件</Filter>
    </ClInclude>
    <ClInclude Include="hexdump\include\range\v3\algorithm\rotate_copy.hpp">
      <Filter>头文件</Filter>
    </ClInclude>
    <ClInclude Include="hexdump\include\range\v3\algorithm\sample.hpp">
      <Filter>头文件</Filter>
    </ClInclude>
    <ClInclude Include="hexdump\include\range\v3\algorithm\search.hpp">
      <Filter>头文件</Filter>
    </ClInclude>
    <ClInclude Include="hexdump\include\range\v3\algorithm\search_n.hpp">
      <Filter>头文件</Filter>
    </ClInclude>
    <ClInclude Include="hexdump\include\range\v3\algorithm\set_algorithm.hpp">
      <Filter>头文件</Filter>
    </ClInclude>
    <ClInclude Include="hexdump\include\range\v3\algorithm\shuffle.hpp">
      <Filter>头文件</Filter>
    </ClInclude>
    <ClInclude Include="hexdump\include\range\v3\algorithm\sort.hpp">
      <Filter>头文件</Filter>
    </ClInclude>
    <ClInclude Include="hexdump\include\range\v3\algorithm\stable_partition.hpp">
      <Filter>头文件</Filter>
    </ClInclude>
    <ClInclude Include="hexdump\include\range\v3\algorithm\stable_sort.hpp">
      <Filter>头文件</Filter>
    </ClInclude>
    <ClInclude Include="hexdump\include\range\v3\algorithm\starts_with.hpp">
      <Filter>头文件</Filter>
    </ClInclude>
    <ClInclude Include="hexdump\include\range\v3\algorithm\swap_ranges.hpp">
      <Filter>头文件</Filter>
    </ClInclude>
    <ClInclude Include="hexdump\include\range\v3\algorithm\tagspec.hpp">
      <Filter>头文件</Filter>
    </ClInclude>
    <ClInclude Include="hexdump\include\range\v3\algorithm\transform.hpp">
      <Filter>头文件</Filter>
    </ClInclude>
    <ClInclude Include="hexdump\include\range\v3\algorithm\unique.hpp">
      <Filter>头文件</Filter>
    </ClInclude>
    <ClInclude Include="hexdump\include\range\v3\algorithm\unique_copy.hpp">
      <Filter>头文件</Filter>
    </ClInclude>
    <ClInclude Include="hexdump\include\range\v3\algorithm\unstable_remove_if.hpp">
      <Filter>头文件</Filter>
    </ClInclude>
    <ClInclude Include="hexdump\include\range\v3\algorithm\upper_bound.hpp">
      <Filter>头文件</Filter>
    </ClInclude>
    <ClInclude Include="hexdump\include\range\v3\detail\adl_get.hpp">
      <Filter>头文件</Filter>
    </ClInclude>
    <ClInclude Include="hexdump\include\range\v3\detail\config.hpp">
      <Filter>头文件</Filter>
    </ClInclude>
    <ClInclude Include="hexdump\include\range\v3\detail\epilogue.hpp">
      <Filter>头文件</Filter>
    </ClInclude>
    <ClInclude Include="hexdump\include\range\v3\detail\prologue.hpp">
      <Filter>头文件</Filter>
    </ClInclude>
    <ClInclude Include="hexdump\include\range\v3\detail\range_access.hpp">
      <Filter>头文件</Filter>
    </ClInclude>
    <ClInclude Include="hexdump\include\range\v3\detail\satisfy_boost_range.hpp">
      <Filter>头文件</Filter>
    </ClInclude>
    <ClInclude Include="hexdump\include\range\v3\detail\variant.hpp">
      <Filter>头文件</Filter>
    </ClInclude>
    <ClInclude Include="hexdump\include\range\v3\detail\with_braced_init_args.hpp">
      <Filter>头文件</Filter>
    </ClInclude>
    <ClInclude Include="hexdump\include\range\v3\experimental\utility\generator.hpp">
      <Filter>头文件</Filter>
    </ClInclude>
    <ClInclude Include="hexdump\include\range\v3\experimental\view\shared.hpp">
      <Filter>头文件</Filter>
    </ClInclude>
    <ClInclude Include="hexdump\include\range\v3\functional\arithmetic.hpp">
      <Filter>头文件</Filter>
    </ClInclude>
    <ClInclude Include="hexdump\include\range\v3\functional\bind.hpp">
      <Filter>头文件</Filter>
    </ClInclude>
    <ClInclude Include="hexdump\include\range\v3\functional\bind_back.hpp">
      <Filter>头文件</Filter>
    </ClInclude>
    <ClInclude Include="hexdump\include\range\v3\functional\comparisons.hpp">
      <Filter>头文件</Filter>
    </ClInclude>
    <ClInclude Include="hexdump\include\range\v3\functional\compose.hpp">
      <Filter>头文件</Filter>
    </ClInclude>
    <ClInclude Include="hexdump\include\range\v3\functional\concepts.hpp">
      <Filter>头文件</Filter>
    </ClInclude>
    <ClInclude Include="hexdump\include\range\v3\functional\identity.hpp">
      <Filter>头文件</Filter>
    </ClInclude>
    <ClInclude Include="hexdump\include\range\v3\functional\indirect.hpp">
      <Filter>头文件</Filter>
    </ClInclude>
    <ClInclude Include="hexdump\include\range\v3\functional\invoke.hpp">
      <Filter>头文件</Filter>
    </ClInclude>
    <ClInclude Include="hexdump\include\range\v3\functional\not_fn.hpp">
      <Filter>头文件</Filter>
    </ClInclude>
    <ClInclude Include="hexdump\include\range\v3\functional\on.hpp">
      <Filter>头文件</Filter>
    </ClInclude>
    <ClInclude Include="hexdump\include\range\v3\functional\overload.hpp">
      <Filter>头文件</Filter>
    </ClInclude>
    <ClInclude Include="hexdump\include\range\v3\functional\pipeable.hpp">
      <Filter>头文件</Filter>
    </ClInclude>
    <ClInclude Include="hexdump\include\range\v3\functional\reference_wrapper.hpp">
      <Filter>头文件</Filter>
    </ClInclude>
    <ClInclude Include="hexdump\include\range\v3\iterator\access.hpp">
      <Filter>头文件</Filter>
    </ClInclude>
    <ClInclude Include="hexdump\include\range\v3\iterator\basic_iterator.hpp">
      <Filter>头文件</Filter>
    </ClInclude>
    <ClInclude Include="hexdump\include\range\v3\iterator\common_iterator.hpp">
      <Filter>头文件</Filter>
    </ClInclude>
    <ClInclude Include="hexdump\include\range\v3\iterator\concepts.hpp">
      <Filter>头文件</Filter>
    </ClInclude>
    <ClInclude Include="hexdump\include\range\v3\iterator\counted_iterator.hpp">
      <Filter>头文件</Filter>
    </ClInclude>
    <ClInclude Include="hexdump\include\range\v3\iterator\default_sentinel.hpp">
      <Filter>头文件</Filter>
    </ClInclude>
    <ClInclude Include="hexdump\include\range\v3\iterator\diffmax_t.hpp">
      <Filter>头文件</Filter>
    </ClInclude>
    <ClInclude Include="hexdump\include\range\v3\iterator\insert_iterators.hpp">
      <Filter>头文件</Filter>
    </ClInclude>
    <ClInclude Include="hexdump\include\range\v3\iterator\move_iterators.hpp">
      <Filter>头文件</Filter>
    </ClInclude>
    <ClInclude Include="hexdump\include\range\v3\iterator\operations.hpp">
      <Filter>头文件</Filter>
    </ClInclude>
    <ClInclude Include="hexdump\include\range\v3\iterator\reverse_iterator.hpp">
      <Filter>头文件</Filter>
    </ClInclude>
    <ClInclude Include="hexdump\include\range\v3\iterator\stream_iterators.hpp">
      <Filter>头文件</Filter>
    </ClInclude>
    <ClInclude Include="hexdump\include\range\v3\iterator\traits.hpp">
      <Filter>头文件</Filter>
    </ClInclude>
    <ClInclude Include="hexdump\include\range\v3\iterator\unreachable_sentinel.hpp">
      <Filter>头文件</Filter>
    </ClInclude>
    <ClInclude Include="hexdump\include\range\v3\numeric\accumulate.hpp">
      <Filter>头文件</Filter>
    </ClInclude>
    <ClInclude Include="hexdump\include\range\v3\numeric\adjacent_difference.hpp">
      <Filter>头文件</Filter>
    </ClInclude>
    <ClInclude Include="hexdump\include\range\v3\numeric\inner_product.hpp">
      <Filter>头文件</Filter>
    </ClInclude>
    <ClInclude Include="hexdump\include\range\v3\numeric\iota.hpp">
      <Filter>头文件</Filter>
    </ClInclude>
    <ClInclude Include="hexdump\include\range\v3\numeric\partial_sum.hpp">
      <Filter>头文件</Filter>
    </ClInclude>
    <ClInclude Include="hexdump\include\range\v3\range\access.hpp">
      <Filter>头文件</Filter>
    </ClInclude>
    <ClInclude Include="hexdump\include\range\v3\range\concepts.hpp">
      <Filter>头文件</Filter>
    </ClInclude>
    <ClInclude Include="hexdump\include\range\v3\range\conversion.hpp">
      <Filter>头文件</Filter>
    </ClInclude>
    <ClInclude Include="hexdump\include\range\v3\range\dangling.hpp">
      <Filter>头文件</Filter>
    </ClInclude>
    <ClInclude Include="hexdump\include\range\v3\range\operations.hpp">
      <Filter>头文件</Filter>
    </ClInclude>
    <ClInclude Include="hexdump\include\range\v3\range\primitives.hpp">
      <Filter>头文件</Filter>
    </ClInclude>
    <ClInclude Include="hexdump\include\range\v3\range\traits.hpp">
      <Filter>头文件</Filter>
    </ClInclude>
    <ClInclude Include="hexdump\include\range\v3\utility\addressof.hpp">
      <Filter>头文件</Filter>
    </ClInclude>
    <ClInclude Include="hexdump\include\range\v3\utility\any.hpp">
      <Filter>头文件</Filter>
    </ClInclude>
    <ClInclude Include="hexdump\include\range\v3\utility\associated_types.hpp">
      <Filter>头文件</Filter>
    </ClInclude>
    <ClInclude Include="hexdump\include\range\v3\utility\basic_iterator.hpp">
      <Filter>头文件</Filter>
    </ClInclude>
    <ClInclude Include="hexdump\include\range\v3\utility\box.hpp">
      <Filter>头文件</Filter>
    </ClInclude>
    <ClInclude Include="hexdump\include\range\v3\utility\common_iterator.hpp">
      <Filter>头文件</Filter>
    </ClInclude>
    <ClInclude Include="hexdump\include\range\v3\utility\common_tuple.hpp">
      <Filter>头文件</Filter>
    </ClInclude>
    <ClInclude Include="hexdump\include\range\v3\utility\common_type.hpp">
      <Filter>头文件</Filter>
    </ClInclude>
    <ClInclude Include="hexdump\include\range\v3\utility\compressed_pair.hpp">
      <Filter>头文件</Filter>
    </ClInclude>
    <ClInclude Include="hexdump\include\range\v3\utility\concepts.hpp">
      <Filter>头文件</Filter>
    </ClInclude>
    <ClInclude Include="hexdump\include\range\v3\utility\copy.hpp">
      <Filter>头文件</Filter>
    </ClInclude>
    <ClInclude Include="hexdump\include\range\v3\utility\counted_iterator.hpp">
      <Filter>头文件</Filter>
    </ClInclude>
    <ClInclude Include="hexdump\include\range\v3\utility\dangling.hpp">
      <Filter>头文件</Filter>
    </ClInclude>
    <ClInclude Include="hexdump\include\range\v3\utility\functional.hpp">
      <Filter>头文件</Filter>
    </ClInclude>
    <ClInclude Include="hexdump\include\range\v3\utility\get.hpp">
      <Filter>头文件</Filter>
    </ClInclude>
    <ClInclude Include="hexdump\include\range\v3\utility\in_place.hpp">
      <Filter>头文件</Filter>
    </ClInclude>
    <ClInclude Include="hexdump\include\range\v3\utility\infinity.hpp">
      <Filter>头文件</Filter>
    </ClInclude>
    <ClInclude Include="hexdump\include\range\v3\utility\invoke.hpp">
      <Filter>头文件</Filter>
    </ClInclude>
    <ClInclude Include="hexdump\include\range\v3\utility\iterator.hpp">
      <Filter>头文件</Filter>
    </ClInclude>
    <ClInclude Include="hexdump\include\range\v3\utility\iterator_concepts.hpp">
      <Filter>头文件</Filter>
    </ClInclude>
    <ClInclude Include="hexdump\include\range\v3\utility\iterator_traits.hpp">
      <Filter>头文件</Filter>
    </ClInclude>
    <ClInclude Include="hexdump\include\range\v3\utility\memory.hpp">
      <Filter>头文件</Filter>
    </ClInclude>
    <ClInclude Include="hexdump\include\range\v3\utility\move.hpp">
      <Filter>头文件</Filter>
    </ClInclude>
    <ClInclude Include="hexdump\include\range\v3\utility\nullptr_v.hpp">
      <Filter>头文件</Filter>
    </ClInclude>
    <ClInclude Include="hexdump\include\range\v3\utility\optional.hpp">
      <Filter>头文件</Filter>
    </ClInclude>
    <ClInclude Include="hexdump\include\range\v3\utility\polymorphic_cast.hpp">
      <Filter>头文件</Filter>
    </ClInclude>
    <ClInclude Include="hexdump\include\range\v3\utility\random.hpp">
      <Filter>头文件</Filter>
    </ClInclude>
    <ClInclude Include="hexdump\include\range\v3\utility\scope_exit.hpp">
      <Filter>头文件</Filter>
    </ClInclude>
    <ClInclude Include="hexdump\include\range\v3\utility\semiregular.hpp">
      <Filter>头文件</Filter>
    </ClInclude>
    <ClInclude Include="hexdump\include\range\v3\utility\semiregular_box.hpp">
      <Filter>头文件</Filter>
    </ClInclude>
    <ClInclude Include="hexdump\include\range\v3\utility\static_const.hpp">
      <Filter>头文件</Filter>
    </ClInclude>
    <ClInclude Include="hexdump\include\range\v3\utility\swap.hpp">
      <Filter>头文件</Filter>
    </ClInclude>
    <ClInclude Include="hexdump\include\range\v3\utility\tagged_pair.hpp">
      <Filter>头文件</Filter>
    </ClInclude>
    <ClInclude Include="hexdump\include\range\v3\utility\tagged_tuple.hpp">
      <Filter>头文件</Filter>
    </ClInclude>
    <ClInclude Include="hexdump\include\range\v3\utility\tuple_algorithm.hpp">
      <Filter>头文件</Filter>
    </ClInclude>
    <ClInclude Include="hexdump\include\range\v3\utility\unreachable.hpp">
      <Filter>头文件</Filter>
    </ClInclude>
    <ClInclude Include="hexdump\include\range\v3\utility\variant.hpp">
      <Filter>头文件</Filter>
    </ClInclude>
    <ClInclude Include="hexdump\include\range\v3\view\adaptor.hpp">
      <Filter>头文件</Filter>
    </ClInclude>
    <ClInclude Include="hexdump\include\range\v3\view\addressof.hpp">
      <Filter>头文件</Filter>
    </ClInclude>
    <ClInclude Include="hexdump\include\range\v3\view\adjacent_filter.hpp">
      <Filter>头文件</Filter>
    </ClInclude>
    <ClInclude Include="hexdump\include\range\v3\view\adjacent_remove_if.hpp">
      <Filter>头文件</Filter>
    </ClInclude>
    <ClInclude Include="hexdump\include\range\v3\view\all.hpp">
      <Filter>头文件</Filter>
    </ClInclude>
    <ClInclude Include="hexdump\include\range\v3\view\any_view.hpp">
      <Filter>头文件</Filter>
    </ClInclude>
    <ClInclude Include="hexdump\include\range\v3\view\bounded.hpp">
      <Filter>头文件</Filter>
    </ClInclude>
    <ClInclude Include="hexdump\include\range\v3\view\c_str.hpp">
      <Filter>头文件</Filter>
    </ClInclude>
    <ClInclude Include="hexdump\include\range\v3\view\cache1.hpp">
      <Filter>头文件</Filter>
    </ClInclude>
    <ClInclude Include="hexdump\include\range\v3\view\cartesian_product.hpp">
      <Filter>头文件</Filter>
    </ClInclude>
    <ClInclude Include="hexdump\include\range\v3\view\chunk.hpp">
      <Filter>头文件</Filter>
    </ClInclude>
    <ClInclude Include="hexdump\include\range\v3\view\chunk_by.hpp">
      <Filter>头文件</Filter>
    </ClInclude>
    <ClInclude Include="hexdump\include\range\v3\view\common.hpp">
      <Filter>头文件</Filter>
    </ClInclude>
    <ClInclude Include="hexdump\include\range\v3\view\concat.hpp">
      <Filter>头文件</Filter>
    </ClInclude>
    <ClInclude Include="hexdump\include\range\v3\view\const.hpp">
      <Filter>头文件</Filter>
    </ClInclude>
    <ClInclude Include="hexdump\include\range\v3\view\counted.hpp">
      <Filter>头文件</Filter>
    </ClInclude>
    <ClInclude Include="hexdump\include\range\v3\view\cycle.hpp">
      <Filter>头文件</Filter>
    </ClInclude>
    <ClInclude Include="hexdump\include\range\v3\view\delimit.hpp">
      <Filter>头文件</Filter>
    </ClInclude>
    <ClInclude Include="hexdump\include\range\v3\view\drop.hpp">
      <Filter>头文件</Filter>
    </ClInclude>
    <ClInclude Include="hexdump\include\range\v3\view\drop_exactly.hpp">
      <Filter>头文件</Filter>
    </ClInclude>
    <ClInclude Include="hexdump\include\range\v3\view\drop_last.hpp">
      <Filter>头文件</Filter>
    </ClInclude>
    <ClInclude Include="hexdump\include\range\v3\view\drop_while.hpp">
      <Filter>头文件</Filter>
    </ClInclude>
    <ClInclude Include="hexdump\include\range\v3\view\empty.hpp">
      <Filter>头文件</Filter>
    </ClInclude>
    <ClInclude Include="hexdump\include\range\v3\view\enumerate.hpp">
      <Filter>头文件</Filter>
    </ClInclude>
    <ClInclude Include="hexdump\include\range\v3\view\exclusive_scan.hpp">
      <Filter>头文件</Filter>
    </ClInclude>
    <ClInclude Include="hexdump\include\range\v3\view\facade.hpp">
      <Filter>头文件</Filter>
    </ClInclude>
    <ClInclude Include="hexdump\include\range\v3\view\filter.hpp">
      <Filter>头文件</Filter>
    </ClInclude>
    <ClInclude Include="hexdump\include\range\v3\view\for_each.hpp">
      <Filter>头文件</Filter>
    </ClInclude>
    <ClInclude Include="hexdump\include\range\v3\view\generate.hpp">
      <Filter>头文件</Filter>
    </ClInclude>
    <ClInclude Include="hexdump\include\range\v3\view\generate_n.hpp">
      <Filter>头文件</Filter>
    </ClInclude>
    <ClInclude Include="hexdump\include\range\v3\view\getlines.hpp">
      <Filter>头文件</Filter>
    </ClInclude>
    <ClInclude Include="hexdump\include\range\v3\view\group_by.hpp">
      <Filter>头文件</Filter>
    </ClInclude>
    <ClInclude Include="hexdump\include\range\v3\view\indices.hpp">
      <Filter>头文件</Filter>
    </ClInclude>
    <ClInclude Include="hexdump\include\range\v3\view\indirect.hpp">
      <Filter>头文件</Filter>
    </ClInclude>
    <ClInclude Include="hexdump\include\range\v3\view\interface.hpp">
      <Filter>头文件</Filter>
    </ClInclude>
    <ClInclude Include="hexdump\include\range\v3\view\intersperse.hpp">
      <Filter>头文件</Filter>
    </ClInclude>
    <ClInclude Include="hexdump\include\range\v3\view\iota.hpp">
      <Filter>头文件</Filter>
    </ClInclude>
    <ClInclude Include="hexdump\include\range\v3\view\istream.hpp">
      <Filter>头文件</Filter>
    </ClInclude>
    <ClInclude Include="hexdump\include\range\v3\view\join.hpp">
      <Filter>头文件</Filter>
    </ClInclude>
    <ClInclude Include="hexdump\include\range\v3\view\linear_distribute.hpp">
      <Filter>头文件</Filter>
    </ClInclude>
    <ClInclude Include="hexdump\include\range\v3\view\map.hpp">
      <Filter>头文件</Filter>
    </ClInclude>
    <ClInclude Include="hexdump\include\range\v3\view\move.hpp">
      <Filter>头文件</Filter>
    </ClInclude>
    <ClInclude Include="hexdump\include\range\v3\view\partial_sum.hpp">
      <Filter>头文件</Filter>
    </ClInclude>
    <ClInclude Include="hexdump\include\range\v3\view\ref.hpp">
      <Filter>头文件</Filter>
    </ClInclude>
    <ClInclude Include="hexdump\include\range\v3\view\remove.hpp">
      <Filter>头文件</Filter>
    </ClInclude>
    <ClInclude Include="hexdump\include\range\v3\view\remove_if.hpp">
      <Filter>头文件</Filter>
    </ClInclude>
    <ClInclude Include="hexdump\include\range\v3\view\repeat.hpp">
      <Filter>头文件</Filter>
    </ClInclude>
    <ClInclude Include="hexdump\include\range\v3\view\repeat_n.hpp">
      <Filter>头文件</Filter>
    </ClInclude>
    <ClInclude Include="hexdump\include\range\v3\view\replace.hpp">
      <Filter>头文件</Filter>
    </ClInclude>
    <ClInclude Include="hexdump\include\range\v3\view\replace_if.hpp">
      <Filter>头文件</Filter>
    </ClInclude>
    <ClInclude Include="hexdump\include\range\v3\view\reverse.hpp">
      <Filter>头文件</Filter>
    </ClInclude>
    <ClInclude Include="hexdump\include\range\v3\view\sample.hpp">
      <Filter>头文件</Filter>
    </ClInclude>
    <ClInclude Include="hexdump\include\range\v3\view\set_algorithm.hpp">
      <Filter>头文件</Filter>
    </ClInclude>
    <ClInclude Include="hexdump\include\range\v3\view\single.hpp">
      <Filter>头文件</Filter>
    </ClInclude>
    <ClInclude Include="hexdump\include\range\v3\view\slice.hpp">
      <Filter>头文件</Filter>
    </ClInclude>
    <ClInclude Include="hexdump\include\range\v3\view\sliding.hpp">
      <Filter>头文件</Filter>
    </ClInclude>
    <ClInclude Include="hexdump\include\range\v3\view\span.hpp">
      <Filter>头文件</Filter>
    </ClInclude>
    <ClInclude Include="hexdump\include\range\v3\view\split.hpp">
      <Filter>头文件</Filter>
    </ClInclude>
    <ClInclude Include="hexdump\include\range\v3\view\split_when.hpp">
      <Filter>头文件</Filter>
    </ClInclude>
    <ClInclude Include="hexdump\include\range\v3\view\stride.hpp">
      <Filter>头文件</Filter>
    </ClInclude>
    <ClInclude Include="hexdump\include\range\v3\view\subrange.hpp">
      <Filter>头文件</Filter>
    </ClInclude>
    <ClInclude Include="hexdump\include\range\v3\view\tail.hpp">
      <Filter>头文件</Filter>
    </ClInclude>
    <ClInclude Include="hexdump\include\range\v3\view\take.hpp">
      <Filter>头文件</Filter>
    </ClInclude>
    <ClInclude Include="hexdump\include\range\v3\view\take_exactly.hpp">
      <Filter>头文件</Filter>
    </ClInclude>
    <ClInclude Include="hexdump\include\range\v3\view\take_last.hpp">
      <Filter>头文件</Filter>
    </ClInclude>
    <ClInclude Include="hexdump\include\range\v3\view\take_while.hpp">
      <Filter>头文件</Filter>
    </ClInclude>
    <ClInclude Include="hexdump\include\range\v3\view\tokenize.hpp">
      <Filter>头文件</Filter>
    </ClInclude>
    <ClInclude Include="hexdump\include\range\v3\view\transform.hpp">
      <Filter>头文件</Filter>
    </ClInclude>
    <ClInclude Include="hexdump\include\range\v3\view\trim.hpp">
      <Filter>头文件</Filter>
    </ClInclude>
    <ClInclude Include="hexdump\include\range\v3\view\unbounded.hpp">
      <Filter>头文件</Filter>
    </ClInclude>
    <ClInclude Include="hexdump\include\range\v3\view\unique.hpp">
      <Filter>头文件</Filter>
    </ClInclude>
    <ClInclude Include="hexdump\include\range\v3\view\view.hpp">
      <Filter>头文件</Filter>
    </ClInclude>
    <ClInclude Include="hexdump\include\range\v3\view\zip.hpp">
      <Filter>头文件</Filter>
    </ClInclude>
    <ClInclude Include="hexdump\include\range\v3\view\zip_with.hpp">
      <Filter>头文件</Filter>
    </ClInclude>
    <ClInclude Include="hexdump\include\range\v3\action.hpp">
      <Filter>头文件</Filter>
    </ClInclude>
    <ClInclude Include="hexdump\include\range\v3\algorithm.hpp">
      <Filter>头文件</Filter>
    </ClInclude>
    <ClInclude Include="hexdump\include\range\v3\all.hpp">
      <Filter>头文件</Filter>
    </ClInclude>
    <ClInclude Include="hexdump\include\range\v3\at.hpp">
      <Filter>头文件</Filter>
    </ClInclude>
    <ClInclude Include="hexdump\include\range\v3\back.hpp">
      <Filter>头文件</Filter>
    </ClInclude>
    <ClInclude Include="hexdump\include\range\v3\begin_end.hpp">
      <Filter>头文件</Filter>
    </ClInclude>
    <ClInclude Include="hexdump\include\range\v3\compare.hpp">
      <Filter>头文件</Filter>
    </ClInclude>
    <ClInclude Include="hexdump\include\range\v3\core.hpp">
      <Filter>头文件</Filter>
    </ClInclude>
    <ClInclude Include="hexdump\include\range\v3\data.hpp">
      <Filter>头文件</Filter>
    </ClInclude>
    <ClInclude Include="hexdump\include\range\v3\distance.hpp">
      <Filter>头文件</Filter>
    </ClInclude>
    <ClInclude Include="hexdump\include\range\v3\empty.hpp">
      <Filter>头文件</Filter>
    </ClInclude>
    <ClInclude Include="hexdump\include\range\v3\front.hpp">
      <Filter>头文件</Filter>
    </ClInclude>
    <ClInclude Include="hexdump\include\range\v3\functional.hpp">
      <Filter>头文件</Filter>
    </ClInclude>
    <ClInclude Include="hexdump\include\range\v3\getlines.hpp">
      <Filter>头文件</Filter>
    </ClInclude>
    <ClInclude Include="hexdump\include\range\v3\index.hpp">
      <Filter>头文件</Filter>
    </ClInclude>
    <ClInclude Include="hexdump\include\range\v3\istream_range.hpp">
      <Filter>头文件</Filter>
    </ClInclude>
    <ClInclude Include="hexdump\include\range\v3\iterator.hpp">
      <Filter>头文件</Filter>
    </ClInclude>
    <ClInclude Include="hexdump\include\range\v3\iterator_range.hpp">
      <Filter>头文件</Filter>
    </ClInclude>
    <ClInclude Include="hexdump\include\range\v3\numeric.hpp">
      <Filter>头文件</Filter>
    </ClInclude>
    <ClInclude Include="hexdump\include\range\v3\range.hpp">
      <Filter>头文件</Filter>
    </ClInclude>
    <ClInclude Include="hexdump\include\range\v3\range_access.hpp">
      <Filter>头文件</Filter>
    </ClInclude>
    <ClInclude Include="hexdump\include\range\v3\range_concepts.hpp">
      <Filter>头文件</Filter>
    </ClInclude>
    <ClInclude Include="hexdump\include\range\v3\range_for.hpp">
      <Filter>头文件</Filter>
    </ClInclude>
    <ClInclude Include="hexdump\include\range\v3\range_fwd.hpp">
      <Filter>头文件</Filter>
    </ClInclude>
    <ClInclude Include="hexdump\include\range\v3\range_traits.hpp">
      <Filter>头文件</Filter>
    </ClInclude>
    <ClInclude Include="hexdump\include\range\v3\size.hpp">
      <Filter>头文件</Filter>
    </ClInclude>
    <ClInclude Include="hexdump\include\range\v3\span.hpp">
      <Filter>头文件</Filter>
    </ClInclude>
    <ClInclude Include="hexdump\include\range\v3\to_container.hpp">
      <Filter>头文件</Filter>
    </ClInclude>
    <ClInclude Include="hexdump\include\range\v3\utility.hpp">
      <Filter>头文件</Filter>
    </ClInclude>
    <ClInclude Include="hexdump\include\range\v3\version.hpp">
      <Filter>头文件</Filter>
    </ClInclude>
    <ClInclude Include="hexdump\include\range\v3\view.hpp">
      <Filter>头文件</Filter>
    </ClInclude>
    <ClInclude Include="hexdump\include\range\v3\view_adaptor.hpp">
      <Filter>头文件</Filter>
    </ClInclude>
    <ClInclude Include="hexdump\include\range\v3\view_facade.hpp">
      <Filter>头文件</Filter>
    </ClInclude>
    <ClInclude Include="hexdump\include\range\v3\view_interface.hpp">
      <Filter>头文件</Filter>
    </ClInclude>
    <ClInclude Include="hexdump\include\std\detail\associated_types.hpp">
      <Filter>头文件</Filter>
    </ClInclude>
    <ClInclude Include="hexdump\cxxopts.hpp">
      <Filter>头文件</Filter>
    </ClInclude>
    <ClInclude Include="memmodel\debug.hpp">
      <Filter>头文件</Filter>
    </ClInclude>
    <ClInclude Include="thread\debug.hpp">
      <Filter>头文件</Filter>
    </ClInclude>
    <ClInclude Include="thread\mtqueue.hpp">
      <Filter>头文件</Filter>
    </ClInclude>
    <ClInclude Include="thread\mtverify.hpp">
      <Filter>头文件</Filter>
    </ClInclude>
    <ClInclude Include="move\lifetest.hpp">
      <Filter>头文件</Filter>
    </ClInclude>
    <ClInclude Include="move\resource.hpp">
      <Filter>头文件</Filter>
    </ClInclude>
    <ClInclude Include="erasure\msglib.h">
      <Filter>头文件</Filter>
    </ClInclude>
    <ClInclude Include="atomic\concurrent_list.hpp">
      <Filter>头文件</Filter>
    </ClInclude>
    <ClInclude Include="atomic\mtpool.hpp">
      <Filter>头文件</Filter>
    </ClInclude>
    <ClInclude Include="atomic\spin_barrier.hpp">
      <Filter>头文件</Filter>
    </ClInclude>
    <ClInclude Include="atomic\spin_mutex.hpp">
      <Filter>头文件</Filter>
    </ClInclude>
    <ClInclude Include="optional\Optional.hpp">
      <Filter>头文件</Filter>
    </ClInclude>
    <ClInclude Include="mallocvis-main\addr2sym.hpp">
      <Filter>头文件</Filter>
    </ClInclude>
    <ClInclude Include="mallocvis-main\alloc_action.hpp">
      <Filter>头文件</Filter>
    </ClInclude>
    <ClInclude Include="mallocvis-main\debug.hpp">
      <Filter>头文件</Filter>
    </ClInclude>
    <ClInclude Include="mallocvis-main\plot_actions.hpp">
      <Filter>头文件</Filter>
    </ClInclude>
    <ClInclude Include="bind\Signal.hpp">
      <Filter>头文件</Filter>
    </ClInclude>
    <ClInclude Include="warnings\C.h">
      <Filter>头文件</Filter>
    </ClInclude>
    <ClInclude Include="warnings\func.h">
      <Filter>头文件</Filter>
    </ClInclude>
    <ClInclude Include="reflect-hpp-master\reflect.hpp">
      <Filter>头文件</Filter>
    </ClInclude>
    <ClInclude Include="reflect-hpp-master\reflect_json.hpp">
      <Filter>头文件</Filter>
    </ClInclude>
    <ClInclude Include="co_http-master\include\bearssl\impl\codec\ccopy.hpp">
      <Filter>头文件</Filter>
    </ClInclude>
    <ClInclude Include="co_http-master\include\bearssl\impl\codec\dec16be.hpp">
      <Filter>头文件</Filter>
    </ClInclude>
    <ClInclude Include="co_http-master\include\bearssl\impl\codec\dec16le.hpp">
      <Filter>头文件</Filter>
    </ClInclude>
    <ClInclude Include="co_http-master\include\bearssl\impl\codec\dec32be.hpp">
      <Filter>头文件</Filter>
    </ClInclude>
    <ClInclude Include="co_http-master\include\bearssl\impl\codec\dec32le.hpp">
      <Filter>头文件</Filter>
    </ClInclude>
    <ClInclude Include="co_http-master\include\bearssl\impl\codec\dec64be.hpp">
      <Filter>头文件</Filter>
    </ClInclude>
    <ClInclude Include="co_http-master\include\bearssl\impl\codec\dec64le.hpp">
      <Filter>头文件</Filter>
    </ClInclude>
    <ClInclude Include="co_http-master\include\bearssl\impl\codec\enc16be.hpp">
      <Filter>头文件</Filter>
    </ClInclude>
    <ClInclude Include="co_http-master\include\bearssl\impl\codec\enc16le.hpp">
      <Filter>头文件</Filter>
    </ClInclude>
    <ClInclude Include="co_http-master\include\bearssl\impl\codec\enc32be.hpp">
      <Filter>头文件</Filter>
    </ClInclude>
    <ClInclude Include="co_http-master\include\bearssl\impl\codec\enc32le.hpp">
      <Filter>头文件</Filter>
    </ClInclude>
    <ClInclude Include="co_http-master\include\bearssl\impl\codec\enc64be.hpp">
      <Filter>头文件</Filter>
    </ClInclude>
    <ClInclude Include="co_http-master\include\bearssl\impl\codec\enc64le.hpp">
      <Filter>头文件</Filter>
    </ClInclude>
    <ClInclude Include="co_http-master\include\bearssl\impl\codec\pemdec.hpp">
      <Filter>头文件</Filter>
    </ClInclude>
    <ClInclude Include="co_http-master\include\bearssl\impl\ec\ec_all_m15.hpp">
      <Filter>头文件</Filter>
    </ClInclude>
    <ClInclude Include="co_http-master\include\bearssl\impl\ec\ec_all_m31.hpp">
      <Filter>头文件</Filter>
    </ClInclude>
    <ClInclude Include="co_http-master\include\bearssl\impl\ec\ec_c25519_i15.hpp">
      <Filter>头文件</Filter>
    </ClInclude>
    <ClInclude Include="co_http-master\include\bearssl\impl\ec\ec_c25519_i31.hpp">
      <Filter>头文件</Filter>
    </ClInclude>
    <ClInclude Include="co_http-master\include\bearssl\impl\ec\ec_c25519_m15.hpp">
      <Filter>头文件</Filter>
    </ClInclude>
    <ClInclude Include="co_http-master\include\bearssl\impl\ec\ec_c25519_m31.hpp">
      <Filter>头文件</Filter>
    </ClInclude>
    <ClInclude Include="co_http-master\include\bearssl\impl\ec\ec_curve25519.hpp">
      <Filter>头文件</Filter>
    </ClInclude>
    <ClInclude Include="co_http-master\include\bearssl\impl\ec\ec_default.hpp">
      <Filter>头文件</Filter>
    </ClInclude>
    <ClInclude Include="co_http-master\include\bearssl\impl\ec\ec_p256_m15.hpp">
      <Filter>头文件</Filter>
    </ClInclude>
    <ClInclude Include="co_http-master\include\bearssl\impl\ec\ec_p256_m31.hpp">
      <Filter>头文件</Filter>
    </ClInclude>
    <ClInclude Include="co_http-master\include\bearssl\impl\ec\ec_prime_i15.hpp">
      <Filter>头文件</Filter>
    </ClInclude>
    <ClInclude Include="co_http-master\include\bearssl\impl\ec\ec_prime_i31.hpp">
      <Filter>头文件</Filter>
    </ClInclude>
    <ClInclude Include="co_http-master\include\bearssl\impl\ec\ec_secp256r1.hpp">
      <Filter>头文件</Filter>
    </ClInclude>
    <ClInclude Include="co_http-master\include\bearssl\impl\ec\ec_secp384r1.hpp">
      <Filter>头文件</Filter>
    </ClInclude>
    <ClInclude Include="co_http-master\include\bearssl\impl\ec\ec_secp521r1.hpp">
      <Filter>头文件</Filter>
    </ClInclude>
    <ClInclude Include="co_http-master\include\bearssl\impl\ec\ecdsa_atr.hpp">
      <Filter>头文件</Filter>
    </ClInclude>
    <ClInclude Include="co_http-master\include\bearssl\impl\ec\ecdsa_default_sign_asn1.hpp">
      <Filter>头文件</Filter>
    </ClInclude>
    <ClInclude Include="co_http-master\include\bearssl\impl\ec\ecdsa_default_sign_raw.hpp">
      <Filter>头文件</Filter>
    </ClInclude>
    <ClInclude Include="co_http-master\include\bearssl\impl\ec\ecdsa_default_vrfy_asn1.hpp">
      <Filter>头文件</Filter>
    </ClInclude>
    <ClInclude Include="co_http-master\include\bearssl\impl\ec\ecdsa_default_vrfy_raw.hpp">
      <Filter>头文件</Filter>
    </ClInclude>
    <ClInclude Include="co_http-master\include\bearssl\impl\ec\ecdsa_i15_bits.hpp">
      <Filter>头文件</Filter>
    </ClInclude>
    <ClInclude Include="co_http-master\include\bearssl\impl\ec\ecdsa_i15_sign_asn1.hpp">
      <Filter>头文件</Filter>
    </ClInclude>
    <ClInclude Include="co_http-master\include\bearssl\impl\ec\ecdsa_i15_sign_raw.hpp">
      <Filter>头文件</Filter>
    </ClInclude>
    <ClInclude Include="co_http-master\include\bearssl\impl\ec\ecdsa_i15_vrfy_asn1.hpp">
      <Filter>头文件</Filter>
    </ClInclude>
    <ClInclude Include="co_http-master\include\bearssl\impl\ec\ecdsa_i15_vrfy_raw.hpp">
      <Filter>头文件</Filter>
    </ClInclude>
    <ClInclude Include="co_http-master\include\bearssl\impl\ec\ecdsa_i31_bits.hpp">
      <Filter>头文件</Filter>
    </ClInclude>
    <ClInclude Include="co_http-master\include\bearssl\impl\ec\ecdsa_i31_sign_asn1.hpp">
      <Filter>头文件</Filter>
    </ClInclude>
    <ClInclude Include="co_http-master\include\bearssl\impl\ec\ecdsa_i31_sign_raw.hpp">
      <Filter>头文件</Filter>
    </ClInclude>
    <ClInclude Include="co_http-master\include\bearssl\impl\ec\ecdsa_i31_vrfy_asn1.hpp">
      <Filter>头文件</Filter>
    </ClInclude>
    <ClInclude Include="co_http-master\include\bearssl\impl\ec\ecdsa_i31_vrfy_raw.hpp">
      <Filter>头文件</Filter>
    </ClInclude>
    <ClInclude Include="co_http-master\include\bearssl\impl\ec\ecdsa_rta.hpp">
      <Filter>头文件</Filter>
    </ClInclude>
    <ClInclude Include="co_http-master\include\bearssl\impl\hash\dig_oid.hpp">
      <Filter>头文件</Filter>
    </ClInclude>
    <ClInclude Include="co_http-master\include\bearssl\impl\hash\dig_size.hpp">
      <Filter>头文件</Filter>
    </ClInclude>
    <ClInclude Include="co_http-master\include\bearssl\impl\hash\ghash_ctmul.hpp">
      <Filter>头文件</Filter>
    </ClInclude>
    <ClInclude Include="co_http-master\include\bearssl\impl\hash\ghash_ctmul32.hpp">
      <Filter>头文件</Filter>
    </ClInclude>
    <ClInclude Include="co_http-master\include\bearssl\impl\hash\ghash_ctmul64.hpp">
      <Filter>头文件</Filter>
    </ClInclude>
    <ClInclude Include="co_http-master\include\bearssl\impl\hash\ghash_pclmul.hpp">
      <Filter>头文件</Filter>
    </ClInclude>
    <ClInclude Include="co_http-master\include\bearssl\impl\hash\ghash_pwr8.hpp">
      <Filter>头文件</Filter>
    </ClInclude>
    <ClInclude Include="co_http-master\include\bearssl\impl\hash\md5.hpp">
      <Filter>头文件</Filter>
    </ClInclude>
    <ClInclude Include="co_http-master\include\bearssl\impl\hash\md5sha1.hpp">
      <Filter>头文件</Filter>
    </ClInclude>
    <ClInclude Include="co_http-master\include\bearssl\impl\hash\multihash.hpp">
      <Filter>头文件</Filter>
    </ClInclude>
    <ClInclude Include="co_http-master\include\bearssl\impl\hash\sha1.hpp">
      <Filter>头文件</Filter>
    </ClInclude>
    <ClInclude Include="co_http-master\include\bearssl\impl\hash\sha2big.hpp">
      <Filter>头文件</Filter>
    </ClInclude>
    <ClInclude Include="co_http-master\include\bearssl\impl\hash\sha2small.hpp">
      <Filter>头文件</Filter>
    </ClInclude>
    <ClInclude Include="co_http-master\include\bearssl\impl\int\i15_add.hpp">
      <Filter>头文件</Filter>
    </ClInclude>
    <ClInclude Include="co_http-master\include\bearssl\impl\int\i15_bitlen.hpp">
      <Filter>头文件</Filter>
    </ClInclude>
    <ClInclude Include="co_http-master\include\bearssl\impl\int\i15_decmod.hpp">
      <Filter>头文件</Filter>
    </ClInclude>
    <ClInclude Include="co_http-master\include\bearssl\impl\int\i15_decode.hpp">
      <Filter>头文件</Filter>
    </ClInclude>
    <ClInclude Include="co_http-master\include\bearssl\impl\int\i15_decred.hpp">
      <Filter>头文件</Filter>
    </ClInclude>
    <ClInclude Include="co_http-master\include\bearssl\impl\int\i15_encode.hpp">
      <Filter>头文件</Filter>
    </ClInclude>
    <ClInclude Include="co_http-master\include\bearssl\impl\int\i15_fmont.hpp">
      <Filter>头文件</Filter>
    </ClInclude>
    <ClInclude Include="co_http-master\include\bearssl\impl\int\i15_iszero.hpp">
      <Filter>头文件</Filter>
    </ClInclude>
    <ClInclude Include="co_http-master\include\bearssl\impl\int\i15_modpow.hpp">
      <Filter>头文件</Filter>
    </ClInclude>
    <ClInclude Include="co_http-master\include\bearssl\impl\int\i15_modpow2.hpp">
      <Filter>头文件</Filter>
    </ClInclude>
    <ClInclude Include="co_http-master\include\bearssl\impl\int\i15_montmul.hpp">
      <Filter>头文件</Filter>
    </ClInclude>
    <ClInclude Include="co_http-master\include\bearssl\impl\int\i15_mulacc.hpp">
      <Filter>头文件</Filter>
    </ClInclude>
    <ClInclude Include="co_http-master\include\bearssl\impl\int\i15_muladd.hpp">
      <Filter>头文件</Filter>
    </ClInclude>
    <ClInclude Include="co_http-master\include\bearssl\impl\int\i15_ninv15.hpp">
      <Filter>头文件</Filter>
    </ClInclude>
    <ClInclude Include="co_http-master\include\bearssl\impl\int\i15_reduce.hpp">
      <Filter>头文件</Filter>
    </ClInclude>
    <ClInclude Include="co_http-master\include\bearssl\impl\int\i15_rshift.hpp">
      <Filter>头文件</Filter>
    </ClInclude>
    <ClInclude Include="co_http-master\include\bearssl\impl\int\i15_sub.hpp">
      <Filter>头文件</Filter>
    </ClInclude>
    <ClInclude Include="co_http-master\include\bearssl\impl\int\i15_tmont.hpp">
      <Filter>头文件</Filter>
    </ClInclude>
    <ClInclude Include="co_http-master\include\bearssl\impl\int\i31_add.hpp">
      <Filter>头文件</Filter>
    </ClInclude>
    <ClInclude Include="co_http-master\include\bearssl\impl\int\i31_bitlen.hpp">
      <Filter>头文件</Filter>
    </ClInclude>
    <ClInclude Include="co_http-master\include\bearssl\impl\int\i31_decmod.hpp">
      <Filter>头文件</Filter>
    </ClInclude>
    <ClInclude Include="co_http-master\include\bearssl\impl\int\i31_decode.hpp">
      <Filter>头文件</Filter>
    </ClInclude>
    <ClInclude Include="co_http-master\include\bearssl\impl\int\i31_decred.hpp">
      <Filter>头文件</Filter>
    </ClInclude>
    <ClInclude Include="co_http-master\include\bearssl\impl\int\i31_encode.hpp">
      <Filter>头文件</Filter>
    </ClInclude>
    <ClInclude Include="co_http-master\include\bearssl\impl\int\i31_fmont.hpp">
      <Filter>头文件</Filter>
    </ClInclude>
    <ClInclude Include="co_http-master\include\bearssl\impl\int\i31_iszero.hpp">
      <Filter>头文件</Filter>
    </ClInclude>
    <ClInclude Include="co_http-master\include\bearssl\impl\int\i31_modpow.hpp">
      <Filter>头文件</Filter>
    </ClInclude>
    <ClInclude Include="co_http-master\include\bearssl\impl\int\i31_modpow2.hpp">
      <Filter>头文件</Filter>
    </ClInclude>
    <ClInclude Include="co_http-master\include\bearssl\impl\int\i31_montmul.hpp">
      <Filter>头文件</Filter>
    </ClInclude>
    <ClInclude Include="co_http-master\include\bearssl\impl\int\i31_mulacc.hpp">
      <Filter>头文件</Filter>
    </ClInclude>
    <ClInclude Include="co_http-master\include\bearssl\impl\int\i31_muladd.hpp">
      <Filter>头文件</Filter>
    </ClInclude>
    <ClInclude Include="co_http-master\include\bearssl\impl\int\i31_ninv31.hpp">
      <Filter>头文件</Filter>
    </ClInclude>
    <ClInclude Include="co_http-master\include\bearssl\impl\int\i31_reduce.hpp">
      <Filter>头文件</Filter>
    </ClInclude>
    <ClInclude Include="co_http-master\include\bearssl\impl\int\i31_rshift.hpp">
      <Filter>头文件</Filter>
    </ClInclude>
    <ClInclude Include="co_http-master\include\bearssl\impl\int\i31_sub.hpp">
      <Filter>头文件</Filter>
    </ClInclude>
    <ClInclude Include="co_http-master\include\bearssl\impl\int\i31_tmont.hpp">
      <Filter>头文件</Filter>
    </ClInclude>
    <ClInclude Include="co_http-master\include\bearssl\impl\int\i32_add.hpp">
      <Filter>头文件</Filter>
    </ClInclude>
    <ClInclude Include="co_http-master\include\bearssl\impl\int\i32_bitlen.hpp">
      <Filter>头文件</Filter>
    </ClInclude>
    <ClInclude Include="co_http-master\include\bearssl\impl\int\i32_decmod.hpp">
      <Filter>头文件</Filter>
    </ClInclude>
    <ClInclude Include="co_http-master\include\bearssl\impl\int\i32_decode.hpp">
      <Filter>头文件</Filter>
    </ClInclude>
    <ClInclude Include="co_http-master\include\bearssl\impl\int\i32_decred.hpp">
      <Filter>头文件</Filter>
    </ClInclude>
    <ClInclude Include="co_http-master\include\bearssl\impl\int\i32_div32.hpp">
      <Filter>头文件</Filter>
    </ClInclude>
    <ClInclude Include="co_http-master\include\bearssl\impl\int\i32_encode.hpp">
      <Filter>头文件</Filter>
    </ClInclude>
    <ClInclude Include="co_http-master\include\bearssl\impl\int\i32_fmont.hpp">
      <Filter>头文件</Filter>
    </ClInclude>
    <ClInclude Include="co_http-master\include\bearssl\impl\int\i32_iszero.hpp">
      <Filter>头文件</Filter>
    </ClInclude>
    <ClInclude Include="co_http-master\include\bearssl\impl\int\i32_modpow.hpp">
      <Filter>头文件</Filter>
    </ClInclude>
    <ClInclude Include="co_http-master\include\bearssl\impl\int\i32_montmul.hpp">
      <Filter>头文件</Filter>
    </ClInclude>
    <ClInclude Include="co_http-master\include\bearssl\impl\int\i32_mulacc.hpp">
      <Filter>头文件</Filter>
    </ClInclude>
    <ClInclude Include="co_http-master\include\bearssl\impl\int\i32_muladd.hpp">
      <Filter>头文件</Filter>
    </ClInclude>
    <ClInclude Include="co_http-master\include\bearssl\impl\int\i32_ninv32.hpp">
      <Filter>头文件</Filter>
    </ClInclude>
    <ClInclude Include="co_http-master\include\bearssl\impl\int\i32_reduce.hpp">
      <Filter>头文件</Filter>
    </ClInclude>
    <ClInclude Include="co_http-master\include\bearssl\impl\int\i32_sub.hpp">
      <Filter>头文件</Filter>
    </ClInclude>
    <ClInclude Include="co_http-master\include\bearssl\impl\int\i32_tmont.hpp">
      <Filter>头文件</Filter>
    </ClInclude>
    <ClInclude Include="co_http-master\include\bearssl\impl\int\i62_modpow2.hpp">
      <Filter>头文件</Filter>
    </ClInclude>
    <ClInclude Include="co_http-master\include\bearssl\impl\mac\hmac.hpp">
      <Filter>头文件</Filter>
    </ClInclude>
    <ClInclude Include="co_http-master\include\bearssl\impl\mac\hmac_ct.hpp">
      <Filter>头文件</Filter>
    </ClInclude>
    <ClInclude Include="co_http-master\include\bearssl\impl\rand\hmac_drbg.hpp">
      <Filter>头文件</Filter>
    </ClInclude>
    <ClInclude Include="co_http-master\include\bearssl\impl\rsa\rsa_default_pkcs1_sign.hpp">
      <Filter>头文件</Filter>
    </ClInclude>
    <ClInclude Include="co_http-master\include\bearssl\impl\rsa\rsa_default_pkcs1_vrfy.hpp">
      <Filter>头文件</Filter>
    </ClInclude>
    <ClInclude Include="co_http-master\include\bearssl\impl\rsa\rsa_default_priv.hpp">
      <Filter>头文件</Filter>
    </ClInclude>
    <ClInclude Include="co_http-master\include\bearssl\impl\rsa\rsa_default_pub.hpp">
      <Filter>头文件</Filter>
    </ClInclude>
    <ClInclude Include="co_http-master\include\bearssl\impl\rsa\rsa_i15_pkcs1_sign.hpp">
      <Filter>头文件</Filter>
    </ClInclude>
    <ClInclude Include="co_http-master\include\bearssl\impl\rsa\rsa_i15_pkcs1_vrfy.hpp">
      <Filter>头文件</Filter>
    </ClInclude>
    <ClInclude Include="co_http-master\include\bearssl\impl\rsa\rsa_i15_priv.hpp">
      <Filter>头文件</Filter>
    </ClInclude>
    <ClInclude Include="co_http-master\include\bearssl\impl\rsa\rsa_i15_pub.hpp">
      <Filter>头文件</Filter>
    </ClInclude>
    <ClInclude Include="co_http-master\include\bearssl\impl\rsa\rsa_i31_pkcs1_sign.hpp">
      <Filter>头文件</Filter>
    </ClInclude>
    <ClInclude Include="co_http-master\include\bearssl\impl\rsa\rsa_i31_pkcs1_vrfy.hpp">
      <Filter>头文件</Filter>
    </ClInclude>
    <ClInclude Include="co_http-master\include\bearssl\impl\rsa\rsa_i31_priv.hpp">
      <Filter>头文件</Filter>
    </ClInclude>
    <ClInclude Include="co_http-master\include\bearssl\impl\rsa\rsa_i31_pub.hpp">
      <Filter>头文件</Filter>
    </ClInclude>
    <ClInclude Include="co_http-master\include\bearssl\impl\rsa\rsa_i32_pkcs1_sign.hpp">
      <Filter>头文件</Filter>
    </ClInclude>
    <ClInclude Include="co_http-master\include\bearssl\impl\rsa\rsa_i32_pkcs1_vrfy.hpp">
      <Filter>头文件</Filter>
    </ClInclude>
    <ClInclude Include="co_http-master\include\bearssl\impl\rsa\rsa_i32_priv.hpp">
      <Filter>头文件</Filter>
    </ClInclude>
    <ClInclude Include="co_http-master\include\bearssl\impl\rsa\rsa_i32_pub.hpp">
      <Filter>头文件</Filter>
    </ClInclude>
    <ClInclude Include="co_http-master\include\bearssl\impl\rsa\rsa_i62_pkcs1_sign.hpp">
      <Filter>头文件</Filter>
    </ClInclude>
    <ClInclude Include="co_http-master\include\bearssl\impl\rsa\rsa_i62_pkcs1_vrfy.hpp">
      <Filter>头文件</Filter>
    </ClInclude>
    <ClInclude Include="co_http-master\include\bearssl\impl\rsa\rsa_i62_priv.hpp">
      <Filter>头文件</Filter>
    </ClInclude>
    <ClInclude Include="co_http-master\include\bearssl\impl\rsa\rsa_i62_pub.hpp">
      <Filter>头文件</Filter>
    </ClInclude>
    <ClInclude Include="co_http-master\include\bearssl\impl\rsa\rsa_pkcs1_sig_pad.hpp">
      <Filter>头文件</Filter>
    </ClInclude>
    <ClInclude Include="co_http-master\include\bearssl\impl\rsa\rsa_pkcs1_sig_unpad.hpp">
      <Filter>头文件</Filter>
    </ClInclude>
    <ClInclude Include="co_http-master\include\bearssl\impl\rsa\rsa_ssl_decrypt.hpp">
      <Filter>头文件</Filter>
    </ClInclude>
    <ClInclude Include="co_http-master\include\bearssl\impl\ssl\prf.hpp">
      <Filter>头文件</Filter>
    </ClInclude>
    <ClInclude Include="co_http-master\include\bearssl\impl\ssl\prf_md5sha1.hpp">
      <Filter>头文件</Filter>
    </ClInclude>
    <ClInclude Include="co_http-master\include\bearssl\impl\ssl\prf_sha256.hpp">
      <Filter>头文件</Filter>
    </ClInclude>
    <ClInclude Include="co_http-master\include\bearssl\impl\ssl\prf_sha384.hpp">
      <Filter>头文件</Filter>
    </ClInclude>
    <ClInclude Include="co_http-master\include\bearssl\impl\ssl\ssl_ccert_single_ec.hpp">
      <Filter>头文件</Filter>
    </ClInclude>
    <ClInclude Include="co_http-master\include\bearssl\impl\ssl\ssl_ccert_single_rsa.hpp">
      <Filter>头文件</Filter>
    </ClInclude>
    <ClInclude Include="co_http-master\include\bearssl\impl\ssl\ssl_client.hpp">
      <Filter>头文件</Filter>
    </ClInclude>
    <ClInclude Include="co_http-master\include\bearssl\impl\ssl\ssl_client_default_rsapub.hpp">
      <Filter>头文件</Filter>
    </ClInclude>
    <ClInclude Include="co_http-master\include\bearssl\impl\ssl\ssl_client_full.hpp">
      <Filter>头文件</Filter>
    </ClInclude>
    <ClInclude Include="co_http-master\include\bearssl\impl\ssl\ssl_engine.hpp">
      <Filter>头文件</Filter>
    </ClInclude>
    <ClInclude Include="co_http-master\include\bearssl\impl\ssl\ssl_engine_default_aescbc.hpp">
      <Filter>头文件</Filter>
    </ClInclude>
    <ClInclude Include="co_http-master\include\bearssl\impl\ssl\ssl_engine_default_aesgcm.hpp">
      <Filter>头文件</Filter>
    </ClInclude>
    <ClInclude Include="co_http-master\include\bearssl\impl\ssl\ssl_engine_default_chapol.hpp">
      <Filter>头文件</Filter>
    </ClInclude>
    <ClInclude Include="co_http-master\include\bearssl\impl\ssl\ssl_engine_default_descbc.hpp">
      <Filter>头文件</Filter>
    </ClInclude>
    <ClInclude Include="co_http-master\include\bearssl\impl\ssl\ssl_engine_default_ec.hpp">
      <Filter>头文件</Filter>
    </ClInclude>
    <ClInclude Include="co_http-master\include\bearssl\impl\ssl\ssl_engine_default_ecdsa.hpp">
      <Filter>头文件</Filter>
    </ClInclude>
    <ClInclude Include="co_http-master\include\bearssl\impl\ssl\ssl_engine_default_rsavrfy.hpp">
      <Filter>头文件</Filter>
    </ClInclude>
    <ClInclude Include="co_http-master\include\bearssl\impl\ssl\ssl_hashes.hpp">
      <Filter>头文件</Filter>
    </ClInclude>
    <ClInclude Include="co_http-master\include\bearssl\impl\ssl\ssl_hs_client.hpp">
      <Filter>头文件</Filter>
    </ClInclude>
    <ClInclude Include="co_http-master\include\bearssl\impl\ssl\ssl_hs_server.hpp">
      <Filter>头文件</Filter>
    </ClInclude>
    <ClInclude Include="co_http-master\include\bearssl\impl\ssl\ssl_io.hpp">
      <Filter>头文件</Filter>
    </ClInclude>
    <ClInclude Include="co_http-master\include\bearssl\impl\ssl\ssl_lru.hpp">
      <Filter>头文件</Filter>
    </ClInclude>
    <ClInclude Include="co_http-master\include\bearssl\impl\ssl\ssl_rec_cbc.hpp">
      <Filter>头文件</Filter>
    </ClInclude>
    <ClInclude Include="co_http-master\include\bearssl\impl\ssl\ssl_rec_chapol.hpp">
      <Filter>头文件</Filter>
    </ClInclude>
    <ClInclude Include="co_http-master\include\bearssl\impl\ssl\ssl_rec_gcm.hpp">
      <Filter>头文件</Filter>
    </ClInclude>
    <ClInclude Include="co_http-master\include\bearssl\impl\ssl\ssl_scert_single_ec.hpp">
      <Filter>头文件</Filter>
    </ClInclude>
    <ClInclude Include="co_http-master\include\bearssl\impl\ssl\ssl_scert_single_rsa.hpp">
      <Filter>头文件</Filter>
    </ClInclude>
    <ClInclude Include="co_http-master\include\bearssl\impl\ssl\ssl_server.hpp">
      <Filter>头文件</Filter>
    </ClInclude>
    <ClInclude Include="co_http-master\include\bearssl\impl\ssl\ssl_server_full_ec.hpp">
      <Filter>头文件</Filter>
    </ClInclude>
    <ClInclude Include="co_http-master\include\bearssl\impl\ssl\ssl_server_full_rsa.hpp">
      <Filter>头文件</Filter>
    </ClInclude>
    <ClInclude Include="co_http-master\include\bearssl\impl\ssl\ssl_server_mine2c.hpp">
      <Filter>头文件</Filter>
    </ClInclude>
    <ClInclude Include="co_http-master\include\bearssl\impl\ssl\ssl_server_mine2g.hpp">
      <Filter>头文件</Filter>
    </ClInclude>
    <ClInclude Include="co_http-master\include\bearssl\impl\ssl\ssl_server_minf2c.hpp">
      <Filter>头文件</Filter>
    </ClInclude>
    <ClInclude Include="co_http-master\include\bearssl\impl\ssl\ssl_server_minf2g.hpp">
      <Filter>头文件</Filter>
    </ClInclude>
    <ClInclude Include="co_http-master\include\bearssl\impl\ssl\ssl_server_minr2g.hpp">
      <Filter>头文件</Filter>
    </ClInclude>
    <ClInclude Include="co_http-master\include\bearssl\impl\ssl\ssl_server_minu2g.hpp">
      <Filter>头文件</Filter>
    </ClInclude>
    <ClInclude Include="co_http-master\include\bearssl\impl\ssl\ssl_server_minv2g.hpp">
      <Filter>头文件</Filter>
    </ClInclude>
    <ClInclude Include="co_http-master\include\bearssl\impl\symcipher\aes_big_cbcdec.hpp">
      <Filter>头文件</Filter>
    </ClInclude>
    <ClInclude Include="co_http-master\include\bearssl\impl\symcipher\aes_big_cbcenc.hpp">
      <Filter>头文件</Filter>
    </ClInclude>
    <ClInclude Include="co_http-master\include\bearssl\impl\symcipher\aes_big_ctr.hpp">
      <Filter>头文件</Filter>
    </ClInclude>
    <ClInclude Include="co_http-master\include\bearssl\impl\symcipher\aes_big_dec.hpp">
      <Filter>头文件</Filter>
    </ClInclude>
    <ClInclude Include="co_http-master\include\bearssl\impl\symcipher\aes_big_enc.hpp">
      <Filter>头文件</Filter>
    </ClInclude>
    <ClInclude Include="co_http-master\include\bearssl\impl\symcipher\aes_common.hpp">
      <Filter>头文件</Filter>
    </ClInclude>
    <ClInclude Include="co_http-master\include\bearssl\impl\symcipher\aes_ct.hpp">
      <Filter>头文件</Filter>
    </ClInclude>
    <ClInclude Include="co_http-master\include\bearssl\impl\symcipher\aes_ct_cbcdec.hpp">
      <Filter>头文件</Filter>
    </ClInclude>
    <ClInclude Include="co_http-master\include\bearssl\impl\symcipher\aes_ct_cbcenc.hpp">
      <Filter>头文件</Filter>
    </ClInclude>
    <ClInclude Include="co_http-master\include\bearssl\impl\symcipher\aes_ct_ctr.hpp">
      <Filter>头文件</Filter>
    </ClInclude>
    <ClInclude Include="co_http-master\include\bearssl\impl\symcipher\aes_ct_dec.hpp">
      <Filter>头文件</Filter>
    </ClInclude>
    <ClInclude Include="co_http-master\include\bearssl\impl\symcipher\aes_ct_enc.hpp">
      <Filter>头文件</Filter>
    </ClInclude>
    <ClInclude Include="co_http-master\include\bearssl\impl\symcipher\aes_ct64.hpp">
      <Filter>头文件</Filter>
    </ClInclude>
    <ClInclude Include="co_http-master\include\bearssl\impl\symcipher\aes_ct64_cbcdec.hpp">
      <Filter>头文件</Filter>
    </ClInclude>
    <ClInclude Include="co_http-master\include\bearssl\impl\symcipher\aes_ct64_cbcenc.hpp">
      <Filter>头文件</Filter>
    </ClInclude>
    <ClInclude Include="co_http-master\include\bearssl\impl\symcipher\aes_ct64_ctr.hpp">
      <Filter>头文件</Filter>
    </ClInclude>
    <ClInclude Include="co_http-master\include\bearssl\impl\symcipher\aes_ct64_dec.hpp">
      <Filter>头文件</Filter>
    </ClInclude>
    <ClInclude Include="co_http-master\include\bearssl\impl\symcipher\aes_ct64_enc.hpp">
      <Filter>头文件</Filter>
    </ClInclude>
    <ClInclude Include="co_http-master\include\bearssl\impl\symcipher\aes_pwr8.hpp">
      <Filter>头文件</Filter>
    </ClInclude>
    <ClInclude Include="co_http-master\include\bearssl\impl\symcipher\aes_pwr8_cbcdec.hpp">
      <Filter>头文件</Filter>
    </ClInclude>
    <ClInclude Include="co_http-master\include\bearssl\impl\symcipher\aes_pwr8_cbcenc.hpp">
      <Filter>头文件</Filter>
    </ClInclude>
    <ClInclude Include="co_http-master\include\bearssl\impl\symcipher\aes_pwr8_ctr.hpp">
      <Filter>头文件</Filter>
    </ClInclude>
    <ClInclude Include="co_http-master\include\bearssl\impl\symcipher\aes_small_cbcdec.hpp">
      <Filter>头文件</Filter>
    </ClInclude>
    <ClInclude Include="co_http-master\include\bearssl\impl\symcipher\aes_small_cbcenc.hpp">
      <Filter>头文件</Filter>
    </ClInclude>
    <ClInclude Include="co_http-master\include\bearssl\impl\symcipher\aes_small_ctr.hpp">
      <Filter>头文件</Filter>
    </ClInclude>
    <ClInclude Include="co_http-master\include\bearssl\impl\symcipher\aes_small_dec.hpp">
      <Filter>头文件</Filter>
    </ClInclude>
    <ClInclude Include="co_http-master\include\bearssl\impl\symcipher\aes_small_enc.hpp">
      <Filter>头文件</Filter>
    </ClInclude>
    <ClInclude Include="co_http-master\include\bearssl\impl\symcipher\aes_x86ni.hpp">
      <Filter>头文件</Filter>
    </ClInclude>
    <ClInclude Include="co_http-master\include\bearssl\impl\symcipher\aes_x86ni_cbcdec.hpp">
      <Filter>头文件</Filter>
    </ClInclude>
    <ClInclude Include="co_http-master\include\bearssl\impl\symcipher\aes_x86ni_cbcenc.hpp">
      <Filter>头文件</Filter>
    </ClInclude>
    <ClInclude Include="co_http-master\include\bearssl\impl\symcipher\aes_x86ni_ctr.hpp">
      <Filter>头文件</Filter>
    </ClInclude>
    <ClInclude Include="co_http-master\include\bearssl\impl\symcipher\chacha20_ct.hpp">
      <Filter>头文件</Filter>
    </ClInclude>
    <ClInclude Include="co_http-master\include\bearssl\impl\symcipher\des_ct.hpp">
      <Filter>头文件</Filter>
    </ClInclude>
    <ClInclude Include="co_http-master\include\bearssl\impl\symcipher\des_ct_cbcdec.hpp">
      <Filter>头文件</Filter>
    </ClInclude>
    <ClInclude Include="co_http-master\include\bearssl\impl\symcipher\des_ct_cbcenc.hpp">
      <Filter>头文件</Filter>
    </ClInclude>
    <ClInclude Include="co_http-master\include\bearssl\impl\symcipher\des_support.hpp">
      <Filter>头文件</Filter>
    </ClInclude>
    <ClInclude Include="co_http-master\include\bearssl\impl\symcipher\des_tab.hpp">
      <Filter>头文件</Filter>
    </ClInclude>
    <ClInclude Include="co_http-master\include\bearssl\impl\symcipher\des_tab_cbcdec.hpp">
      <Filter>头文件</Filter>
    </ClInclude>
    <ClInclude Include="co_http-master\include\bearssl\impl\symcipher\des_tab_cbcenc.hpp">
      <Filter>头文件</Filter>
    </ClInclude>
    <ClInclude Include="co_http-master\include\bearssl\impl\symcipher\poly1305_ctmul.hpp">
      <Filter>头文件</Filter>
    </ClInclude>
    <ClInclude Include="co_http-master\include\bearssl\impl\symcipher\poly1305_ctmul32.hpp">
      <Filter>头文件</Filter>
    </ClInclude>
    <ClInclude Include="co_http-master\include\bearssl\impl\symcipher\poly1305_ctmulq.hpp">
      <Filter>头文件</Filter>
    </ClInclude>
    <ClInclude Include="co_http-master\include\bearssl\impl\symcipher\poly1305_i15.hpp">
      <Filter>头文件</Filter>
    </ClInclude>
    <ClInclude Include="co_http-master\include\bearssl\impl\x509\skey_decoder.hpp">
      <Filter>头文件</Filter>
    </ClInclude>
    <ClInclude Include="co_http-master\include\bearssl\impl\x509\x509_decoder.hpp">
      <Filter>头文件</Filter>
    </ClInclude>
    <ClInclude Include="co_http-master\include\bearssl\impl\x509\x509_knownkey.hpp">
      <Filter>头文件</Filter>
    </ClInclude>
    <ClInclude Include="co_http-master\include\bearssl\impl\x509\x509_minimal.hpp">
      <Filter>头文件</Filter>
    </ClInclude>
    <ClInclude Include="co_http-master\include\bearssl\impl\x509\x509_minimal_full.hpp">
      <Filter>头文件</Filter>
    </ClInclude>
    <ClInclude Include="co_http-master\include\bearssl\impl\inner.h">
      <Filter>头文件</Filter>
    </ClInclude>
    <ClInclude Include="co_http-master\include\bearssl\bearssl.hpp">
      <Filter>头文件</Filter>
    </ClInclude>
    <ClInclude Include="co_http-master\include\bearssl\impl.hpp">
      <Filter>头文件</Filter>
    </ClInclude>
    <ClInclude Include="co_http-master\include\bearssl.h">
      <Filter>头文件</Filter>
    </ClInclude>
    <ClInclude Include="co_http-master\include\bearssl_base.h">
      <Filter>头文件</Filter>
    </ClInclude>
    <ClInclude Include="co_http-master\include\bearssl_block.h">
      <Filter>头文件</Filter>
    </ClInclude>
    <ClInclude Include="co_http-master\include\bearssl_config.h">
      <Filter>头文件</Filter>
    </ClInclude>
    <ClInclude Include="co_http-master\include\bearssl_ec.h">
      <Filter>头文件</Filter>
    </ClInclude>
    <ClInclude Include="co_http-master\include\bearssl_hash.h">
      <Filter>头文件</Filter>
    </ClInclude>
    <ClInclude Include="co_http-master\include\bearssl_hmac.h">
      <Filter>头文件</Filter>
    </ClInclude>
    <ClInclude Include="co_http-master\include\bearssl_pem.h">
      <Filter>头文件</Filter>
    </ClInclude>
    <ClInclude Include="co_http-master\include\bearssl_prf.h">
      <Filter>头文件</Filter>
    </ClInclude>
    <ClInclude Include="co_http-master\include\bearssl_rand.h">
      <Filter>头文件</Filter>
    </ClInclude>
    <ClInclude Include="co_http-master\include\bearssl_rsa.h">
      <Filter>头文件</Filter>
    </ClInclude>
    <ClInclude Include="co_http-master\include\bearssl_ssl.h">
      <Filter>头文件</Filter>
    </ClInclude>
    <ClInclude Include="co_http-master\include\bearssl_x509.h">
      <Filter>头文件</Filter>
    </ClInclude>
    <ClInclude Include="co_http-master\include\inner.h">
      <Filter>头文件</Filter>
    </ClInclude>
    <ClInclude Include="co_http-master\include\sha1.hpp">
      <Filter>头文件</Filter>
    </ClInclude>
    <ClInclude Include="co_http-master\bytes_buffer.hpp">
      <Filter>头文件</Filter>
    </ClInclude>
    <ClInclude Include="co_http-master\callback.hpp">
      <Filter>头文件</Filter>
    </ClInclude>
    <ClInclude Include="co_http-master\enum_magic.hpp">
      <Filter>头文件</Filter>
    </ClInclude>
    <ClInclude Include="co_http-master\expected.hpp">
      <Filter>头文件</Filter>
    </ClInclude>
    <ClInclude Include="co_http-master\file_utils.hpp">
      <Filter>头文件</Filter>
    </ClInclude>
    <ClInclude Include="co_http-master\http_client.hpp">
      <Filter>头文件</Filter>
    </ClInclude>
    <ClInclude Include="co_http-master\http_codec.hpp">
      <Filter>头文件</Filter>
    </ClInclude>
    <ClInclude Include="co_http-master\http_server.hpp">
      <Filter>头文件</Filter>
    </ClInclude>
    <ClInclude Include="co_http-master\io_context.hpp">
      <Filter>头文件</Filter>
    </ClInclude>
    <ClInclude Include="co_http-master\reflect.hpp">
      <Filter>头文件</Filter>
    </ClInclude>
    <ClInclude Include="co_http-master\stop_source.hpp">
      <Filter>头文件</Filter>
    </ClInclude>
    <ClInclude Include="co_http-master\string_map.hpp">
      <Filter>头文件</Filter>
    </ClInclude>
    <ClInclude Include="co_http-master\timer_context.hpp">
      <Filter>头文件</Filter>
    </ClInclude>
  </ItemGroup>
  <ItemGroup>
    <ClCompile Include="enumreflecttest\testscienum.cpp">
      <Filter>源文件</Filter>
    </ClCompile>
    <ClCompile Include="babyjson-demo-master\main.cpp">
      <Filter>源文件</Filter>
    </ClCompile>
    <ClCompile Include="macrofunctest\main.cpp">
      <Filter>源文件</Filter>
    </ClCompile>
    <ClCompile Include="macrofunctest\src\cocoa_time.c">
      <Filter>源文件</Filter>
    </ClCompile>
    <ClCompile Include="macrofunctest\src\context.c">
      <Filter>源文件</Filter>
    </ClCompile>
    <ClCompile Include="macrofunctest\src\egl_context.c">
      <Filter>源文件</Filter>
    </ClCompile>
    <ClCompile Include="macrofunctest\src\glx_context.c">
      <Filter>源文件</Filter>
    </ClCompile>
    <ClCompile Include="macrofunctest\src\init.c">
      <Filter>源文件</Filter>
    </ClCompile>
    <ClCompile Include="macrofunctest\src\input.c">
      <Filter>源文件</Filter>
    </ClCompile>
    <ClCompile Include="macrofunctest\src\linux_joystick.c">
      <Filter>源文件</Filter>
    </ClCompile>
    <ClCompile Include="macrofunctest\src\monitor.c">
      <Filter>源文件</Filter>
    </ClCompile>
    <ClCompile Include="macrofunctest\src\null_init.c">
      <Filter>源文件</Filter>
    </ClCompile>
    <ClCompile Include="macrofunctest\src\null_joystick.c">
      <Filter>源文件</Filter>
    </ClCompile>
    <ClCompile Include="macrofunctest\src\null_monitor.c">
      <Filter>源文件</Filter>
    </ClCompile>
    <ClCompile Include="macrofunctest\src\null_window.c">
      <Filter>源文件</Filter>
    </ClCompile>
    <ClCompile Include="macrofunctest\src\osmesa_context.c">
      <Filter>源文件</Filter>
    </ClCompile>
    <ClCompile Include="macrofunctest\src\platform.c">
      <Filter>源文件</Filter>
    </ClCompile>
    <ClCompile Include="macrofunctest\src\posix_module.c">
      <Filter>源文件</Filter>
    </ClCompile>
    <ClCompile Include="macrofunctest\src\posix_poll.c">
      <Filter>源文件</Filter>
    </ClCompile>
    <ClCompile Include="macrofunctest\src\posix_thread.c">
      <Filter>源文件</Filter>
    </ClCompile>
    <ClCompile Include="macrofunctest\src\posix_time.c">
      <Filter>源文件</Filter>
    </ClCompile>
    <ClCompile Include="macrofunctest\src\vulkan.c">
      <Filter>源文件</Filter>
    </ClCompile>
    <ClCompile Include="macrofunctest\src\wgl_context.c">
      <Filter>源文件</Filter>
    </ClCompile>
    <ClCompile Include="macrofunctest\src\win32_init.c">
      <Filter>源文件</Filter>
    </ClCompile>
    <ClCompile Include="macrofunctest\src\win32_joystick.c">
      <Filter>源文件</Filter>
    </ClCompile>
    <ClCompile Include="macrofunctest\src\win32_module.c">
      <Filter>源文件</Filter>
    </ClCompile>
    <ClCompile Include="macrofunctest\src\win32_monitor.c">
      <Filter>源文件</Filter>
    </ClCompile>
    <ClCompile Include="macrofunctest\src\win32_thread.c">
      <Filter>源文件</Filter>
    </ClCompile>
    <ClCompile Include="macrofunctest\src\win32_time.c">
      <Filter>源文件</Filter>
    </ClCompile>
    <ClCompile Include="macrofunctest\src\win32_window.c">
      <Filter>源文件</Filter>
    </ClCompile>
    <ClCompile Include="macrofunctest\src\window.c">
      <Filter>源文件</Filter>
    </ClCompile>
    <ClCompile Include="macrofunctest\src\wl_init.c">
      <Filter>源文件</Filter>
    </ClCompile>
    <ClCompile Include="macrofunctest\src\wl_monitor.c">
      <Filter>源文件</Filter>
    </ClCompile>
    <ClCompile Include="macrofunctest\src\wl_window.c">
      <Filter>源文件</Filter>
    </ClCompile>
    <ClCompile Include="macrofunctest\src\x11_init.c">
      <Filter>源文件</Filter>
    </ClCompile>
    <ClCompile Include="macrofunctest\src\x11_monitor.c">
      <Filter>源文件</Filter>
    </ClCompile>
    <ClCompile Include="macrofunctest\src\x11_window.c">
      <Filter>源文件</Filter>
    </ClCompile>
    <ClCompile Include="macrofunctest\src\xkb_unicode.c">
      <Filter>源文件</Filter>
    </ClCompile>
    <ClCompile Include="vartmplandfold-example-main\main.cpp">
      <Filter>源文件</Filter>
    </ClCompile>
    <ClCompile Include="sfinae-example-master\main.cpp">
      <Filter>源文件</Filter>
    </ClCompile>
    <ClCompile Include="src\main.cpp">
      <Filter>源文件</Filter>
    </ClCompile>
    <ClCompile Include="minilog-master\main.cpp">
      <Filter>源文件</Filter>
    </ClCompile>
    <ClCompile Include="cpprandomtest\main.cpp">
      <Filter>源文件</Filter>
    </ClCompile>
    <ClCompile Include="reference\main.cpp">
      <Filter>源文件</Filter>
    </ClCompile>
    <ClCompile Include="cpp17pmrtest\filter.cpp">
      <Filter>源文件</Filter>
    </ClCompile>
    <ClCompile Include="cpp17pmrtest\main.cpp">
      <Filter>源文件</Filter>
    </ClCompile>
    <ClCompile Include="cpp17pmrtest\oldmain.cpp">
      <Filter>源文件</Filter>
    </ClCompile>
    <ClCompile Include="ScopeProfiler\fake.cpp">
      <Filter>源文件</Filter>
    </ClCompile>
    <ClCompile Include="ScopeProfiler\main.cpp">
      <Filter>源文件</Filter>
    </ClCompile>
    <ClCompile Include="function\main.cpp">
      <Filter>源文件</Filter>
    </ClCompile>
    <ClCompile Include="uniqueptr\test_UniquePtr.cpp">
      <Filter>源文件</Filter>
    </ClCompile>
    <ClCompile Include="array\test_Array.cpp">
      <Filter>源文件</Filter>
    </ClCompile>
    <ClCompile Include="list\test_List.cpp">
      <Filter>源文件</Filter>
    </ClCompile>
    <ClCompile Include="cpplifetimetest\main.cpp">
      <Filter>源文件</Filter>
    </ClCompile>
    <ClCompile Include="inline\foo.cpp">
      <Filter>源文件</Filter>
    </ClCompile>
    <ClCompile Include="inline\test_inline.cpp">
      <Filter>源文件</Filter>
    </ClCompile>
    <ClCompile Include="cppmtqueuetest\main.cpp">
      <Filter>源文件</Filter>
    </ClCompile>
    <ClCompile Include="cpptemplateinstantiate\main.cpp">
      <Filter>源文件</Filter>
    </ClCompile>
    <ClCompile Include="cpptemplateinstantiate\other.cpp">
      <Filter>源文件</Filter>
    </ClCompile>
    <ClCompile Include="loserhomework\1.cpp">
      <Filter>源文件</Filter>
    </ClCompile>
    <ClCompile Include="loserhomework\2.cpp">
      <Filter>源文件</Filter>
    </ClCompile>
    <ClCompile Include="loserhomework\3.cpp">
      <Filter>源文件</Filter>
    </ClCompile>
    <ClCompile Include="loserhomework\4.cpp">
      <Filter>源文件</Filter>
    </ClCompile>
    <ClCompile Include="loserhomework\5.cpp">
      <Filter>源文件</Filter>
    </ClCompile>
    <ClCompile Include="loserhomework\6.cpp">
      <Filter>源文件</Filter>
    </ClCompile>
    <ClCompile Include="loserhomework\7.cpp">
      <Filter>源文件</Filter>
    </ClCompile>
    <ClCompile Include="loserhomework\8.cpp">
      <Filter>源文件</Filter>
    </ClCompile>
    <ClCompile Include="loserhomework\main.cpp">
      <Filter>源文件</Filter>
    </ClCompile>
    <ClCompile Include="hexdump\hexdump.cpp">
      <Filter>源文件</Filter>
    </ClCompile>
    <ClCompile Include="memmodel\diss1.cpp">
      <Filter>源文件</Filter>
    </ClCompile>
    <ClCompile Include="memmodel\diss2.cpp">
      <Filter>源文件</Filter>
    </ClCompile>
    <ClCompile Include="memmodel\diss3.cpp">
      <Filter>源文件</Filter>
    </ClCompile>
    <ClCompile Include="memmodel\diss4.cpp">
      <Filter>源文件</Filter>
    </ClCompile>
    <ClCompile Include="memmodel\diss5.cpp">
      <Filter>源文件</Filter>
    </ClCompile>
    <ClCompile Include="memmodel\diss6.cpp">
      <Filter>源文件</Filter>
    </ClCompile>
    <ClCompile Include="memmodel\diss7.cpp">
      <Filter>源文件</Filter>
    </ClCompile>
    <ClCompile Include="memmodel\main.cpp">
      <Filter>源文件</Filter>
    </ClCompile>
    <ClCompile Include="thread\exam_counter.cpp">
      <Filter>源文件</Filter>
    </ClCompile>
    <ClCompile Include="thread\exam_message_sync.cpp">
      <Filter>源文件</Filter>
    </ClCompile>
    <ClCompile Include="thread\exam_msg_final_sync.cpp">
      <Filter>源文件</Filter>
    </ClCompile>
    <ClCompile Include="thread\exam_mt_queue.cpp">
      <Filter>源文件</Filter>
    </ClCompile>
    <ClCompile Include="thread\exam_mt_queue_limit.cpp">
      <Filter>源文件</Filter>
    </ClCompile>
    <ClCompile Include="thread\exam_mt_queue_timed.cpp">
      <Filter>源文件</Filter>
    </ClCompile>
    <ClCompile Include="thread\exam_mutex.cpp">
      <Filter>源文件</Filter>
    </ClCompile>
    <ClCompile Include="thread\exam_snake_getchar.cpp">
      <Filter>源文件</Filter>
    </ClCompile>
    <ClCompile Include="thread\main.cpp">
      <Filter>源文件</Filter>
    </ClCompile>
    <ClCompile Include="thread\memorder.cpp">
      <Filter>源文件</Filter>
    </ClCompile>
    <ClCompile Include="move\conclude.cpp">
      <Filter>源文件</Filter>
    </ClCompile>
    <ClCompile Include="move\main.cpp">
      <Filter>源文件</Filter>
    </ClCompile>
    <ClCompile Include="move\main_finally.cpp">
      <Filter>源文件</Filter>
    </ClCompile>
    <ClCompile Include="move\main_manualres.cpp">
      <Filter>源文件</Filter>
    </ClCompile>
    <ClCompile Include="move\main_resource.cpp">
      <Filter>源文件</Filter>
    </ClCompile>
    <ClCompile Include="move\main_respimpl.cpp">
      <Filter>源文件</Filter>
    </ClCompile>
    <ClCompile Include="move\resource.cpp">
      <Filter>源文件</Filter>
    </ClCompile>
    <ClCompile Include="undef\classic_repro_clang.cpp">
      <Filter>源文件</Filter>
    </ClCompile>
    <ClCompile Include="undef\main.cpp">
      <Filter>源文件</Filter>
    </ClCompile>
    <ClCompile Include="erasure\main.cpp">
      <Filter>源文件</Filter>
    </ClCompile>
    <ClCompile Include="erasure\msg_virtualize.cpp">
      <Filter>源文件</Filter>
    </ClCompile>
    <ClCompile Include="atomic\compare_and_swap.cpp">
      <Filter>源文件</Filter>
    </ClCompile>
    <ClCompile Include="atomic\example.cpp">
      <Filter>源文件</Filter>
    </ClCompile>
    <ClCompile Include="atomic\fetch_add.cpp">
      <Filter>源文件</Filter>
    </ClCompile>
    <ClCompile Include="atomic\fetch_add_release.cpp">
      <Filter>源文件</Filter>
    </ClCompile>
    <ClCompile Include="atomic\introduction.cpp">
      <Filter>源文件</Filter>
    </ClCompile>
    <ClCompile Include="atomic\list_teardown_pop.cpp">
      <Filter>源文件</Filter>
    </ClCompile>
    <ClCompile Include="atomic\list_teardown_pop_wait.cpp">
      <Filter>源文件</Filter>
    </ClCompile>
    <ClCompile Include="atomic\list_teardown_size.cpp">
      <Filter>源文件</Filter>
    </ClCompile>
    <ClCompile Include="atomic\main.cpp">
      <Filter>源文件</Filter>
    </ClCompile>
    <ClCompile Include="atomic\memory_order.cpp">
      <Filter>源文件</Filter>
    </ClCompile>
    <ClCompile Include="atomic\protect_other.cpp">
      <Filter>源文件</Filter>
    </ClCompile>
    <ClCompile Include="atomic\spin_barrier.cpp">
      <Filter>源文件</Filter>
    </ClCompile>
    <ClCompile Include="atomic\spin_mutex.cpp">
      <Filter>源文件</Filter>
    </ClCompile>
    <ClCompile Include="atomic\spin_mutex_2.cpp">
      <Filter>源文件</Filter>
    </ClCompile>
    <ClCompile Include="atomic\spin_mutex_cpp20_wait.cpp">
      <Filter>源文件</Filter>
    </ClCompile>
    <ClCompile Include="optional\test_Optional.cpp">
      <Filter>源文件</Filter>
    </ClCompile>
    <ClCompile Include="mallocvis-main\neoalloc\BM_mt.cpp">
      <Filter>源文件</Filter>
    </ClCompile>
    <ClCompile Include="mallocvis-main\neoalloc\BM_pmr.cpp">
      <Filter>源文件</Filter>
    </ClCompile>
    <ClCompile Include="mallocvis-main\neoalloc\main.cpp">
      <Filter>源文件</Filter>
    </ClCompile>
    <ClCompile Include="mallocvis-main\neoalloc\neoalloc.cpp">
      <Filter>源文件</Filter>
    </ClCompile>
    <ClCompile Include="mallocvis-main\check.cpp">
      <Filter>源文件</Filter>
    </ClCompile>
    <ClCompile Include="mallocvis-main\dbg_help.cpp">
      <Filter>源文件</Filter>
    </ClCompile>
    <ClCompile Include="mallocvis-main\example.cpp">
      <Filter>源文件</Filter>
    </ClCompile>
    <ClCompile Include="mallocvis-main\malloc_hook.cpp">
      <Filter>源文件</Filter>
    </ClCompile>
    <ClCompile Include="mallocvis-main\memoryleak.cpp">
      <Filter>源文件</Filter>
    </ClCompile>
    <ClCompile Include="mallocvis-main\mt_example.cpp">
      <Filter>源文件</Filter>
    </ClCompile>
    <ClCompile Include="mallocvis-main\plot_actions.cpp">
      <Filter>源文件</Filter>
    </ClCompile>
    <ClCompile Include="mallocvis-main\vdb_example.cpp">
      <Filter>源文件</Filter>
    </ClCompile>
    <ClCompile Include="mallocvis-main\visualize.cpp">
      <Filter>源文件</Filter>
    </ClCompile>
    <ClCompile Include="bind\feat.cpp">
      <Filter>源文件</Filter>
    </ClCompile>
    <ClCompile Include="bind\main.cpp">
      <Filter>源文件</Filter>
    </ClCompile>
    <ClCompile Include="bind\test.cpp">
      <Filter>源文件</Filter>
    </ClCompile>
    <ClCompile Include="warnings\func.cpp">
      <Filter>源文件</Filter>
    </ClCompile>
    <ClCompile Include="warnings\main.cpp">
      <Filter>源文件</Filter>
    </ClCompile>
    <ClCompile Include="reflect-hpp-master\example_complex.cpp">
      <Filter>源文件</Filter>
    </ClCompile>
    <ClCompile Include="reflect-hpp-master\example_jsoncpp.cpp">
      <Filter>源文件</Filter>
    </ClCompile>
    <ClCompile Include="reflect-hpp-master\example_pybind.cpp">
      <Filter>源文件</Filter>
    </ClCompile>
    <ClCompile Include="reflect-hpp-master\test.cpp">
      <Filter>源文件</Filter>
    </ClCompile>
    <ClCompile Include="iostream\cppstream.cpp">
      <Filter>源文件</Filter>
    </ClCompile>
    <ClCompile Include="iostream\cstdio.cpp">
      <Filter>源文件</Filter>
    </ClCompile>
    <ClCompile Include="iostream\main.cpp">
      <Filter>源文件</Filter>
    </ClCompile>
    <ClCompile Include="iostream\ostream.cpp">
      <Filter>源文件</Filter>
    </ClCompile>
    <ClCompile Include="iostream\stdin.cpp">
      <Filter>源文件</Filter>
    </ClCompile>
    <ClCompile Include="co_http-master\chat_server.cpp">
      <Filter>源文件</Filter>
    </ClCompile>
    <ClCompile Include="co_http-master\sample_client.cpp">
      <Filter>源文件</Filter>
    </ClCompile>
    <ClCompile Include="co_http-master\sample_server.cpp">
      <Filter>源文件</Filter>
    </ClCompile>
    <ClCompile Include="co_http-master\test.cpp">
      <Filter>源文件</Filter>
    </ClCompile>
    <ClCompile Include="co_http-master\test_server.cpp">
      <Filter>源文件</Filter>
    </ClCompile>
    <ClCompile Include="getset\builder.cpp">
      <Filter>源文件</Filter>
    </ClCompile>
    <ClCompile Include="getset\manyparams.cpp">
      <Filter>源文件</Filter>
    </ClCompile>
    <ClCompile Include="getset\multiarg.cpp">
      <Filter>源文件</Filter>
    </ClCompile>
    <ClCompile Include="getset\point.cpp">
      <Filter>源文件</Filter>
    </ClCompile>
    <ClCompile Include="getset\stdvector.cpp">
      <Filter>源文件</Filter>
    </ClCompile>
    <ClCompile Include="getset\vector.cpp">
      <Filter>源文件</Filter>
    </ClCompile>
  </ItemGroup>
  <ItemGroup>
    <None Include="erasure\msgtypes.inl">
      <Filter>头文件</Filter>
    </None>
    <None Include="optional\readme.md" />
    <None Include="co_http-master\static\index.html" />
  </ItemGroup>
</Project>